// !$*UTF8*$!
{
	archiveVersion = 1;
	classes = {
	};
	objectVersion = 56;
	objects = {

/* Begin PBXBuildFile section */
		650DBA262B451A390052294A /* SpecialOffersCVCell.swift in Sources */ = {isa = PBXBuildFile; fileRef = 650DBA242B451A390052294A /* SpecialOffersCVCell.swift */; };
		650DBA272B451A390052294A /* SpecialOffersCVCell.xib in Resources */ = {isa = PBXBuildFile; fileRef = 650DBA252B451A390052294A /* SpecialOffersCVCell.xib */; };
		650DBA2A2B451B840052294A /* SpecialOffersTVCell.swift in Sources */ = {isa = PBXBuildFile; fileRef = 650DBA282B451B840052294A /* SpecialOffersTVCell.swift */; };
		650DBA2B2B451B840052294A /* SpecialOffersTVCell.xib in Resources */ = {isa = PBXBuildFile; fileRef = 650DBA292B451B840052294A /* SpecialOffersTVCell.xib */; };
		650DBA2F2B451D7E0052294A /* EmptyTVCell.swift in Sources */ = {isa = PBXBuildFile; fileRef = 650DBA2D2B451D7E0052294A /* EmptyTVCell.swift */; };
		650DBA302B451D7E0052294A /* EmptyTVCell.xib in Resources */ = {isa = PBXBuildFile; fileRef = 650DBA2E2B451D7E0052294A /* EmptyTVCell.xib */; };
		650DBA342B451FFD0052294A /* MoreServiceTVCell.swift in Sources */ = {isa = PBXBuildFile; fileRef = 650DBA322B451FFD0052294A /* MoreServiceTVCell.swift */; };
		650DBA352B451FFD0052294A /* MoreServiceTVCell.xib in Resources */ = {isa = PBXBuildFile; fileRef = 650DBA332B451FFD0052294A /* MoreServiceTVCell.xib */; };
		650DBA392B4528410052294A /* MoreServiceCVCell.swift in Sources */ = {isa = PBXBuildFile; fileRef = 650DBA372B4528410052294A /* MoreServiceCVCell.swift */; };
		650DBA3A2B4528410052294A /* MoreServiceCVCell.xib in Resources */ = {isa = PBXBuildFile; fileRef = 650DBA382B4528410052294A /* MoreServiceCVCell.xib */; };
		651714142B43F837003D3723 /* AppDelegate.swift in Sources */ = {isa = PBXBuildFile; fileRef = 651714132B43F837003D3723 /* AppDelegate.swift */; };
		651714162B43F837003D3723 /* SceneDelegate.swift in Sources */ = {isa = PBXBuildFile; fileRef = 651714152B43F837003D3723 /* SceneDelegate.swift */; };
		651714182B43F837003D3723 /* ViewController.swift in Sources */ = {isa = PBXBuildFile; fileRef = 651714172B43F837003D3723 /* ViewController.swift */; };
		6517141D2B43F839003D3723 /* Assets.xcassets in Resources */ = {isa = PBXBuildFile; fileRef = 6517141C2B43F839003D3723 /* Assets.xcassets */; };
		651714202B43F839003D3723 /* LaunchScreen.storyboard in Resources */ = {isa = PBXBuildFile; fileRef = 6517141E2B43F839003D3723 /* LaunchScreen.storyboard */; };
		6517142B2B43F839003D3723 /* TravgateAppTests.swift in Sources */ = {isa = PBXBuildFile; fileRef = 6517142A2B43F839003D3723 /* TravgateAppTests.swift */; };
		651714352B43F839003D3723 /* TravgateAppUITests.swift in Sources */ = {isa = PBXBuildFile; fileRef = 651714342B43F839003D3723 /* TravgateAppUITests.swift */; };
		651714372B43F839003D3723 /* TravgateAppUITestsLaunchTests.swift in Sources */ = {isa = PBXBuildFile; fileRef = 651714362B43F839003D3723 /* TravgateAppUITestsLaunchTests.swift */; };
		651717DE2B43F8D4003D3723 /* BaseVC.swift in Sources */ = {isa = PBXBuildFile; fileRef = 6517163F2B43F8D0003D3723 /* BaseVC.swift */; };
		651717DF2B43F8D4003D3723 /* TableViewCell.swift in Sources */ = {isa = PBXBuildFile; fileRef = 651716402B43F8D0003D3723 /* TableViewCell.swift */; };
		651717E02B43F8D4003D3723 /* BaseTableVC.swift in Sources */ = {isa = PBXBuildFile; fileRef = 651716412B43F8D0003D3723 /* BaseTableVC.swift */; };
		651717E12B43F8D4003D3723 /* UIModels.swift in Sources */ = {isa = PBXBuildFile; fileRef = 651716422B43F8D0003D3723 /* UIModels.swift */; };
		651717E22B43F8D4003D3723 /* Constants.swift in Sources */ = {isa = PBXBuildFile; fileRef = 651716442B43F8D0003D3723 /* Constants.swift */; };
		651717E32B43F8D4003D3723 /* newloder.gif in Resources */ = {isa = PBXBuildFile; fileRef = 651716452B43F8D0003D3723 /* newloder.gif */; };
		651717E42B43F8D4003D3723 /* loderimg.gif in Resources */ = {isa = PBXBuildFile; fileRef = 651716462B43F8D0003D3723 /* loderimg.gif */; };
		651717E52B43F8D4003D3723 /* SessionManager.swift in Sources */ = {isa = PBXBuildFile; fileRef = 651716472B43F8D0003D3723 /* SessionManager.swift */; };
		651717E82B43F8D4003D3723 /* ServiceManager.swift in Sources */ = {isa = PBXBuildFile; fileRef = 6517164D2B43F8D0003D3723 /* ServiceManager.swift */; };
		651717E92B43F8D4003D3723 /* BorderView.swift in Sources */ = {isa = PBXBuildFile; fileRef = 6517164E2B43F8D0003D3723 /* BorderView.swift */; };
		651717EA2B43F8D4003D3723 /* TableViewHelper.swift in Sources */ = {isa = PBXBuildFile; fileRef = 651716502B43F8D0003D3723 /* TableViewHelper.swift */; };
		651717EB2B43F8D4003D3723 /* UIViewControllerExtension.swift in Sources */ = {isa = PBXBuildFile; fileRef = 651716512B43F8D0003D3723 /* UIViewControllerExtension.swift */; };
		651717EC2B43F8D4003D3723 /* ButtonExtension.swift in Sources */ = {isa = PBXBuildFile; fileRef = 651716522B43F8D0003D3723 /* ButtonExtension.swift */; };
		651717ED2B43F8D4003D3723 /* UIKitHelper.swift in Sources */ = {isa = PBXBuildFile; fileRef = 651716532B43F8D0003D3723 /* UIKitHelper.swift */; };
		651717EE2B43F8D4003D3723 /* TableViewExtensions.swift in Sources */ = {isa = PBXBuildFile; fileRef = 651716542B43F8D0003D3723 /* TableViewExtensions.swift */; };
		651717EF2B43F8D4003D3723 /* StringExtension.swift in Sources */ = {isa = PBXBuildFile; fileRef = 651716552B43F8D0003D3723 /* StringExtension.swift */; };
		651717F02B43F8D4003D3723 /* TextFieldExtension.swift in Sources */ = {isa = PBXBuildFile; fileRef = 651716562B43F8D0003D3723 /* TextFieldExtension.swift */; };
		651717F12B43F8D4003D3723 /* DateExtension.swift in Sources */ = {isa = PBXBuildFile; fileRef = 651716572B43F8D0003D3723 /* DateExtension.swift */; };
		651717F22B43F8D4003D3723 /* UITapGestureRecognizer.swift in Sources */ = {isa = PBXBuildFile; fileRef = 651716582B43F8D0003D3723 /* UITapGestureRecognizer.swift */; };
		651717F32B43F8D4003D3723 /* FontManager.swift in Sources */ = {isa = PBXBuildFile; fileRef = 6517165A2B43F8D0003D3723 /* FontManager.swift */; };
		651717F42B43F8D4003D3723 /* UIColorManager.swift in Sources */ = {isa = PBXBuildFile; fileRef = 6517165B2B43F8D0003D3723 /* UIColorManager.swift */; };
		651717F52B43F8D4003D3723 /* Oswald-Bold.ttf in Resources */ = {isa = PBXBuildFile; fileRef = 6517165D2B43F8D0003D3723 /* Oswald-Bold.ttf */; };
		651717F62B43F8D4003D3723 /* Oswald-SemiBold.ttf in Resources */ = {isa = PBXBuildFile; fileRef = 6517165E2B43F8D0003D3723 /* Oswald-SemiBold.ttf */; };
		651717F72B43F8D4003D3723 /* Lato-Regular.ttf in Resources */ = {isa = PBXBuildFile; fileRef = 6517165F2B43F8D0003D3723 /* Lato-Regular.ttf */; };
		651717F82B43F8D4003D3723 /* Lato-Semibold.ttf in Resources */ = {isa = PBXBuildFile; fileRef = 651716602B43F8D0003D3723 /* Lato-Semibold.ttf */; };
		651717F92B43F8D4003D3723 /* Oswald-Regular.ttf in Resources */ = {isa = PBXBuildFile; fileRef = 651716612B43F8D0003D3723 /* Oswald-Regular.ttf */; };
		651717FA2B43F8D4003D3723 /* Lato-Light.ttf in Resources */ = {isa = PBXBuildFile; fileRef = 651716622B43F8D0003D3723 /* Lato-Light.ttf */; };
		651717FB2B43F8D4003D3723 /* Lato-Medium.ttf in Resources */ = {isa = PBXBuildFile; fileRef = 651716632B43F8D0003D3723 /* Lato-Medium.ttf */; };
		651717FC2B43F8D4003D3723 /* Roboto-Medium.ttf in Resources */ = {isa = PBXBuildFile; fileRef = 651716652B43F8D0003D3723 /* Roboto-Medium.ttf */; };
		651717FD2B43F8D4003D3723 /* Poppins-Light.ttf in Resources */ = {isa = PBXBuildFile; fileRef = 651716662B43F8D0003D3723 /* Poppins-Light.ttf */; };
		651717FE2B43F8D4003D3723 /* Poppins-Medium.ttf in Resources */ = {isa = PBXBuildFile; fileRef = 651716672B43F8D0003D3723 /* Poppins-Medium.ttf */; };
		651717FF2B43F8D4003D3723 /* Oswald-Medium.ttf in Resources */ = {isa = PBXBuildFile; fileRef = 651716682B43F8D0003D3723 /* Oswald-Medium.ttf */; };
		651718002B43F8D4003D3723 /* Poppins-ExtraBold.ttf in Resources */ = {isa = PBXBuildFile; fileRef = 651716692B43F8D1003D3723 /* Poppins-ExtraBold.ttf */; };
		651718022B43F8D4003D3723 /* Poppins-Bold.ttf in Resources */ = {isa = PBXBuildFile; fileRef = 6517166B2B43F8D1003D3723 /* Poppins-Bold.ttf */; };
		651718032B43F8D4003D3723 /* Poppins-Black.ttf in Resources */ = {isa = PBXBuildFile; fileRef = 6517166C2B43F8D1003D3723 /* Poppins-Black.ttf */; };
		651718042B43F8D4003D3723 /* Poppins-SemiBold.ttf in Resources */ = {isa = PBXBuildFile; fileRef = 6517166D2B43F8D1003D3723 /* Poppins-SemiBold.ttf */; };
		651718092B43F8D4003D3723 /* ColorManager.swift in Sources */ = {isa = PBXBuildFile; fileRef = 651716732B43F8D1003D3723 /* ColorManager.swift */; };
		6517180A2B43F8D4003D3723 /* DeviceName.swift in Sources */ = {isa = PBXBuildFile; fileRef = 651716752B43F8D1003D3723 /* DeviceName.swift */; };
		6517180B2B43F8D4003D3723 /* NSObject+Helper.swift in Sources */ = {isa = PBXBuildFile; fileRef = 651716762B43F8D1003D3723 /* NSObject+Helper.swift */; };
		6517180C2B43F8D4003D3723 /* Decodable.swift in Sources */ = {isa = PBXBuildFile; fileRef = 651716772B43F8D1003D3723 /* Decodable.swift */; };
		6517180D2B43F8D4003D3723 /* Loader.swift in Sources */ = {isa = PBXBuildFile; fileRef = 651716782B43F8D1003D3723 /* Loader.swift */; };
		6517180E2B43F8D4003D3723 /* BaseViewModelProtocol.swift in Sources */ = {isa = PBXBuildFile; fileRef = 651716792B43F8D1003D3723 /* BaseViewModelProtocol.swift */; };
		6517180F2B43F8D4003D3723 /* ProgressHUD.swift in Sources */ = {isa = PBXBuildFile; fileRef = 6517167A2B43F8D1003D3723 /* ProgressHUD.swift */; };
		651718102B43F8D4003D3723 /* StoryboardExtension.swift in Sources */ = {isa = PBXBuildFile; fileRef = 6517167B2B43F8D1003D3723 /* StoryboardExtension.swift */; };
		651718112B43F8D4003D3723 /* clist.json in Resources */ = {isa = PBXBuildFile; fileRef = 6517167E2B43F8D1003D3723 /* clist.json */; };
		651718122B43F8D4003D3723 /* currencylist.json in Resources */ = {isa = PBXBuildFile; fileRef = 6517167F2B43F8D1003D3723 /* currencylist.json */; };
		651718232B441151003D3723 /* DashBoardTBVC.swift in Sources */ = {isa = PBXBuildFile; fileRef = 651718222B441151003D3723 /* DashBoardTBVC.swift */; };
		651718282B441620003D3723 /* DashboardVC.swift in Sources */ = {isa = PBXBuildFile; fileRef = 651718272B441620003D3723 /* DashboardVC.swift */; };
		6517182A2B441630003D3723 /* TripsVC.swift in Sources */ = {isa = PBXBuildFile; fileRef = 651718292B441630003D3723 /* TripsVC.swift */; };
		6517182C2B44163F003D3723 /* ProfileVC.swift in Sources */ = {isa = PBXBuildFile; fileRef = 6517182B2B44163F003D3723 /* ProfileVC.swift */; };
		6517182E2B441650003D3723 /* MoreVC.swift in Sources */ = {isa = PBXBuildFile; fileRef = 6517182D2B441650003D3723 /* MoreVC.swift */; };
		65B679662B441DE800E5D1C3 /* Main.storyboard in Resources */ = {isa = PBXBuildFile; fileRef = 65B679652B441DE800E5D1C3 /* Main.storyboard */; };
		65B6796F2B44229C00E5D1C3 /* OpenSans-Bold.ttf in Resources */ = {isa = PBXBuildFile; fileRef = 65B6796D2B4421FC00E5D1C3 /* OpenSans-Bold.ttf */; };
		65B679702B44229C00E5D1C3 /* OpenSans-Light.ttf in Resources */ = {isa = PBXBuildFile; fileRef = 65B6796E2B4421FD00E5D1C3 /* OpenSans-Light.ttf */; };
		65B679712B44229C00E5D1C3 /* OpenSans-Medium.ttf in Resources */ = {isa = PBXBuildFile; fileRef = 65B6796C2B4421FC00E5D1C3 /* OpenSans-Medium.ttf */; };
		65B679722B44229C00E5D1C3 /* OpenSans-Regular.ttf in Resources */ = {isa = PBXBuildFile; fileRef = 65B6796A2B4421FC00E5D1C3 /* OpenSans-Regular.ttf */; };
		65B679732B44229C00E5D1C3 /* OpenSans-SemiBold.ttf in Resources */ = {isa = PBXBuildFile; fileRef = 65B6796B2B4421FC00E5D1C3 /* OpenSans-SemiBold.ttf */; };
		65B679792B44238B00E5D1C3 /* Inter-Bold.ttf in Resources */ = {isa = PBXBuildFile; fileRef = 65B679752B44230C00E5D1C3 /* Inter-Bold.ttf */; };
		65B6797A2B44238B00E5D1C3 /* Inter-Medium.ttf in Resources */ = {isa = PBXBuildFile; fileRef = 65B679762B44230D00E5D1C3 /* Inter-Medium.ttf */; };
		65B6797B2B44238B00E5D1C3 /* Inter-Regular.ttf in Resources */ = {isa = PBXBuildFile; fileRef = 65B679772B44230D00E5D1C3 /* Inter-Regular.ttf */; };
		65B6797C2B44238B00E5D1C3 /* Inter-SemiBold.ttf in Resources */ = {isa = PBXBuildFile; fileRef = 65B679782B44230D00E5D1C3 /* Inter-SemiBold.ttf */; };
		65B679862B4425CE00E5D1C3 /* TabSelectTVCell.swift in Sources */ = {isa = PBXBuildFile; fileRef = 65B679842B4425CE00E5D1C3 /* TabSelectTVCell.swift */; };
		65B679872B4425CE00E5D1C3 /* TabSelectTVCell.xib in Resources */ = {isa = PBXBuildFile; fileRef = 65B679852B4425CE00E5D1C3 /* TabSelectTVCell.xib */; };
		65B6798C2B443AE500E5D1C3 /* PopularDestinationsTVCell.swift in Sources */ = {isa = PBXBuildFile; fileRef = 65B6798A2B443AE500E5D1C3 /* PopularDestinationsTVCell.swift */; };
		65B6798D2B443AE500E5D1C3 /* PopularDestinationsTVCell.xib in Resources */ = {isa = PBXBuildFile; fileRef = 65B6798B2B443AE500E5D1C3 /* PopularDestinationsTVCell.xib */; };
		65B679912B443D1100E5D1C3 /* SelectCityCVCell.swift in Sources */ = {isa = PBXBuildFile; fileRef = 65B6798F2B443D1100E5D1C3 /* SelectCityCVCell.swift */; };
		65B679922B443D1100E5D1C3 /* SelectCityCVCell.xib in Resources */ = {isa = PBXBuildFile; fileRef = 65B679902B443D1100E5D1C3 /* SelectCityCVCell.xib */; };
		65B679962B443D9200E5D1C3 /* SelectDestCVCell.swift in Sources */ = {isa = PBXBuildFile; fileRef = 65B679942B443D9200E5D1C3 /* SelectDestCVCell.swift */; };
		65B679972B443D9200E5D1C3 /* SelectDestCVCell.xib in Resources */ = {isa = PBXBuildFile; fileRef = 65B679952B443D9200E5D1C3 /* SelectDestCVCell.xib */; };
		65B6799B2B44465800E5D1C3 /* TopcityGuidesCVCell.swift in Sources */ = {isa = PBXBuildFile; fileRef = 65B679992B44465800E5D1C3 /* TopcityGuidesCVCell.swift */; };
		65B6799C2B44465800E5D1C3 /* TopcityGuidesCVCell.xib in Resources */ = {isa = PBXBuildFile; fileRef = 65B6799A2B44465800E5D1C3 /* TopcityGuidesCVCell.xib */; };
		65B679A42B44475A00E5D1C3 /* TopcityGuidesTVCell.swift in Sources */ = {isa = PBXBuildFile; fileRef = 65B679A22B44475A00E5D1C3 /* TopcityGuidesTVCell.swift */; };
		65B679A52B44475A00E5D1C3 /* TopcityGuidesTVCell.xib in Resources */ = {isa = PBXBuildFile; fileRef = 65B679A32B44475A00E5D1C3 /* TopcityGuidesTVCell.xib */; };
		A49629B2BC0298903ECB14C9 /* Pods_TravgateApp_TravgateAppUITests.framework in Frameworks */ = {isa = PBXBuildFile; fileRef = 3CD57DADF2827CC7315F9E10 /* Pods_TravgateApp_TravgateAppUITests.framework */; };
		B0DAB0DBB63A478E83F5291D /* Pods_TravgateAppTests.framework in Frameworks */ = {isa = PBXBuildFile; fileRef = 634B61CF8AE4096700985889 /* Pods_TravgateAppTests.framework */; };
		F35DB7DEE4FE2CEB1228C68B /* Pods_TravgateApp.framework in Frameworks */ = {isa = PBXBuildFile; fileRef = 8C1727B54071D4A493CAF226 /* Pods_TravgateApp.framework */; };
/* End PBXBuildFile section */

/* Begin PBXContainerItemProxy section */
		651714272B43F839003D3723 /* PBXContainerItemProxy */ = {
			isa = PBXContainerItemProxy;
			containerPortal = 651714082B43F837003D3723 /* Project object */;
			proxyType = 1;
			remoteGlobalIDString = 6517140F2B43F837003D3723;
			remoteInfo = TravgateApp;
		};
		651714312B43F839003D3723 /* PBXContainerItemProxy */ = {
			isa = PBXContainerItemProxy;
			containerPortal = 651714082B43F837003D3723 /* Project object */;
			proxyType = 1;
			remoteGlobalIDString = 6517140F2B43F837003D3723;
			remoteInfo = TravgateApp;
		};
/* End PBXContainerItemProxy section */

/* Begin PBXFileReference section */
		240F8178E18EDE58F85041CA /* Pods-TravgateAppTests.release.xcconfig */ = {isa = PBXFileReference; includeInIndex = 1; lastKnownFileType = text.xcconfig; name = "Pods-TravgateAppTests.release.xcconfig"; path = "Target Support Files/Pods-TravgateAppTests/Pods-TravgateAppTests.release.xcconfig"; sourceTree = "<group>"; };
		3C751BD1AF769704CFE02F44 /* Pods-TravgateApp.release.xcconfig */ = {isa = PBXFileReference; includeInIndex = 1; lastKnownFileType = text.xcconfig; name = "Pods-TravgateApp.release.xcconfig"; path = "Target Support Files/Pods-TravgateApp/Pods-TravgateApp.release.xcconfig"; sourceTree = "<group>"; };
		3CD57DADF2827CC7315F9E10 /* Pods_TravgateApp_TravgateAppUITests.framework */ = {isa = PBXFileReference; explicitFileType = wrapper.framework; includeInIndex = 0; path = Pods_TravgateApp_TravgateAppUITests.framework; sourceTree = BUILT_PRODUCTS_DIR; };
		634B61CF8AE4096700985889 /* Pods_TravgateAppTests.framework */ = {isa = PBXFileReference; explicitFileType = wrapper.framework; includeInIndex = 0; path = Pods_TravgateAppTests.framework; sourceTree = BUILT_PRODUCTS_DIR; };
		650DBA242B451A390052294A /* SpecialOffersCVCell.swift */ = {isa = PBXFileReference; lastKnownFileType = sourcecode.swift; path = SpecialOffersCVCell.swift; sourceTree = "<group>"; };
		650DBA252B451A390052294A /* SpecialOffersCVCell.xib */ = {isa = PBXFileReference; lastKnownFileType = file.xib; path = SpecialOffersCVCell.xib; sourceTree = "<group>"; };
		650DBA282B451B840052294A /* SpecialOffersTVCell.swift */ = {isa = PBXFileReference; lastKnownFileType = sourcecode.swift; path = SpecialOffersTVCell.swift; sourceTree = "<group>"; };
		650DBA292B451B840052294A /* SpecialOffersTVCell.xib */ = {isa = PBXFileReference; lastKnownFileType = file.xib; path = SpecialOffersTVCell.xib; sourceTree = "<group>"; };
		650DBA2D2B451D7E0052294A /* EmptyTVCell.swift */ = {isa = PBXFileReference; lastKnownFileType = sourcecode.swift; path = EmptyTVCell.swift; sourceTree = "<group>"; };
		650DBA2E2B451D7E0052294A /* EmptyTVCell.xib */ = {isa = PBXFileReference; lastKnownFileType = file.xib; path = EmptyTVCell.xib; sourceTree = "<group>"; };
		650DBA322B451FFD0052294A /* MoreServiceTVCell.swift */ = {isa = PBXFileReference; lastKnownFileType = sourcecode.swift; path = MoreServiceTVCell.swift; sourceTree = "<group>"; };
		650DBA332B451FFD0052294A /* MoreServiceTVCell.xib */ = {isa = PBXFileReference; lastKnownFileType = file.xib; path = MoreServiceTVCell.xib; sourceTree = "<group>"; };
		650DBA372B4528410052294A /* MoreServiceCVCell.swift */ = {isa = PBXFileReference; lastKnownFileType = sourcecode.swift; path = MoreServiceCVCell.swift; sourceTree = "<group>"; };
		650DBA382B4528410052294A /* MoreServiceCVCell.xib */ = {isa = PBXFileReference; lastKnownFileType = file.xib; path = MoreServiceCVCell.xib; sourceTree = "<group>"; };
		651714102B43F837003D3723 /* TravgateApp.app */ = {isa = PBXFileReference; explicitFileType = wrapper.application; includeInIndex = 0; path = TravgateApp.app; sourceTree = BUILT_PRODUCTS_DIR; };
		651714132B43F837003D3723 /* AppDelegate.swift */ = {isa = PBXFileReference; lastKnownFileType = sourcecode.swift; path = AppDelegate.swift; sourceTree = "<group>"; };
		651714152B43F837003D3723 /* SceneDelegate.swift */ = {isa = PBXFileReference; lastKnownFileType = sourcecode.swift; path = SceneDelegate.swift; sourceTree = "<group>"; };
		651714172B43F837003D3723 /* ViewController.swift */ = {isa = PBXFileReference; lastKnownFileType = sourcecode.swift; path = ViewController.swift; sourceTree = "<group>"; };
		6517141C2B43F839003D3723 /* Assets.xcassets */ = {isa = PBXFileReference; lastKnownFileType = folder.assetcatalog; path = Assets.xcassets; sourceTree = "<group>"; };
		6517141F2B43F839003D3723 /* Base */ = {isa = PBXFileReference; lastKnownFileType = file.storyboard; name = Base; path = Base.lproj/LaunchScreen.storyboard; sourceTree = "<group>"; };
		651714212B43F839003D3723 /* Info.plist */ = {isa = PBXFileReference; lastKnownFileType = text.plist.xml; path = Info.plist; sourceTree = "<group>"; };
		651714262B43F839003D3723 /* TravgateAppTests.xctest */ = {isa = PBXFileReference; explicitFileType = wrapper.cfbundle; includeInIndex = 0; path = TravgateAppTests.xctest; sourceTree = BUILT_PRODUCTS_DIR; };
		6517142A2B43F839003D3723 /* TravgateAppTests.swift */ = {isa = PBXFileReference; lastKnownFileType = sourcecode.swift; path = TravgateAppTests.swift; sourceTree = "<group>"; };
		651714302B43F839003D3723 /* TravgateAppUITests.xctest */ = {isa = PBXFileReference; explicitFileType = wrapper.cfbundle; includeInIndex = 0; path = TravgateAppUITests.xctest; sourceTree = BUILT_PRODUCTS_DIR; };
		651714342B43F839003D3723 /* TravgateAppUITests.swift */ = {isa = PBXFileReference; lastKnownFileType = sourcecode.swift; path = TravgateAppUITests.swift; sourceTree = "<group>"; };
		651714362B43F839003D3723 /* TravgateAppUITestsLaunchTests.swift */ = {isa = PBXFileReference; lastKnownFileType = sourcecode.swift; path = TravgateAppUITestsLaunchTests.swift; sourceTree = "<group>"; };
		6517163F2B43F8D0003D3723 /* BaseVC.swift */ = {isa = PBXFileReference; fileEncoding = 4; lastKnownFileType = sourcecode.swift; path = BaseVC.swift; sourceTree = "<group>"; };
		651716402B43F8D0003D3723 /* TableViewCell.swift */ = {isa = PBXFileReference; fileEncoding = 4; lastKnownFileType = sourcecode.swift; path = TableViewCell.swift; sourceTree = "<group>"; };
		651716412B43F8D0003D3723 /* BaseTableVC.swift */ = {isa = PBXFileReference; fileEncoding = 4; lastKnownFileType = sourcecode.swift; path = BaseTableVC.swift; sourceTree = "<group>"; };
		651716422B43F8D0003D3723 /* UIModels.swift */ = {isa = PBXFileReference; fileEncoding = 4; lastKnownFileType = sourcecode.swift; path = UIModels.swift; sourceTree = "<group>"; };
		651716442B43F8D0003D3723 /* Constants.swift */ = {isa = PBXFileReference; fileEncoding = 4; lastKnownFileType = sourcecode.swift; path = Constants.swift; sourceTree = "<group>"; };
		651716452B43F8D0003D3723 /* newloder.gif */ = {isa = PBXFileReference; lastKnownFileType = image.gif; path = newloder.gif; sourceTree = "<group>"; };
		651716462B43F8D0003D3723 /* loderimg.gif */ = {isa = PBXFileReference; lastKnownFileType = image.gif; path = loderimg.gif; sourceTree = "<group>"; };
		651716472B43F8D0003D3723 /* SessionManager.swift */ = {isa = PBXFileReference; fileEncoding = 4; lastKnownFileType = sourcecode.swift; path = SessionManager.swift; sourceTree = "<group>"; };
		6517164D2B43F8D0003D3723 /* ServiceManager.swift */ = {isa = PBXFileReference; fileEncoding = 4; lastKnownFileType = sourcecode.swift; path = ServiceManager.swift; sourceTree = "<group>"; };
		6517164E2B43F8D0003D3723 /* BorderView.swift */ = {isa = PBXFileReference; fileEncoding = 4; lastKnownFileType = sourcecode.swift; path = BorderView.swift; sourceTree = "<group>"; };
		651716502B43F8D0003D3723 /* TableViewHelper.swift */ = {isa = PBXFileReference; fileEncoding = 4; lastKnownFileType = sourcecode.swift; path = TableViewHelper.swift; sourceTree = "<group>"; };
		651716512B43F8D0003D3723 /* UIViewControllerExtension.swift */ = {isa = PBXFileReference; fileEncoding = 4; lastKnownFileType = sourcecode.swift; path = UIViewControllerExtension.swift; sourceTree = "<group>"; };
		651716522B43F8D0003D3723 /* ButtonExtension.swift */ = {isa = PBXFileReference; fileEncoding = 4; lastKnownFileType = sourcecode.swift; path = ButtonExtension.swift; sourceTree = "<group>"; };
		651716532B43F8D0003D3723 /* UIKitHelper.swift */ = {isa = PBXFileReference; fileEncoding = 4; lastKnownFileType = sourcecode.swift; path = UIKitHelper.swift; sourceTree = "<group>"; };
		651716542B43F8D0003D3723 /* TableViewExtensions.swift */ = {isa = PBXFileReference; fileEncoding = 4; lastKnownFileType = sourcecode.swift; path = TableViewExtensions.swift; sourceTree = "<group>"; };
		651716552B43F8D0003D3723 /* StringExtension.swift */ = {isa = PBXFileReference; fileEncoding = 4; lastKnownFileType = sourcecode.swift; path = StringExtension.swift; sourceTree = "<group>"; };
		651716562B43F8D0003D3723 /* TextFieldExtension.swift */ = {isa = PBXFileReference; fileEncoding = 4; lastKnownFileType = sourcecode.swift; path = TextFieldExtension.swift; sourceTree = "<group>"; };
		651716572B43F8D0003D3723 /* DateExtension.swift */ = {isa = PBXFileReference; fileEncoding = 4; lastKnownFileType = sourcecode.swift; path = DateExtension.swift; sourceTree = "<group>"; };
		651716582B43F8D0003D3723 /* UITapGestureRecognizer.swift */ = {isa = PBXFileReference; fileEncoding = 4; lastKnownFileType = sourcecode.swift; path = UITapGestureRecognizer.swift; sourceTree = "<group>"; };
		6517165A2B43F8D0003D3723 /* FontManager.swift */ = {isa = PBXFileReference; fileEncoding = 4; lastKnownFileType = sourcecode.swift; path = FontManager.swift; sourceTree = "<group>"; };
		6517165B2B43F8D0003D3723 /* UIColorManager.swift */ = {isa = PBXFileReference; fileEncoding = 4; lastKnownFileType = sourcecode.swift; path = UIColorManager.swift; sourceTree = "<group>"; };
		6517165D2B43F8D0003D3723 /* Oswald-Bold.ttf */ = {isa = PBXFileReference; lastKnownFileType = file; path = "Oswald-Bold.ttf"; sourceTree = "<group>"; };
		6517165E2B43F8D0003D3723 /* Oswald-SemiBold.ttf */ = {isa = PBXFileReference; lastKnownFileType = file; path = "Oswald-SemiBold.ttf"; sourceTree = "<group>"; };
		6517165F2B43F8D0003D3723 /* Lato-Regular.ttf */ = {isa = PBXFileReference; lastKnownFileType = file; path = "Lato-Regular.ttf"; sourceTree = "<group>"; };
		651716602B43F8D0003D3723 /* Lato-Semibold.ttf */ = {isa = PBXFileReference; lastKnownFileType = file; path = "Lato-Semibold.ttf"; sourceTree = "<group>"; };
		651716612B43F8D0003D3723 /* Oswald-Regular.ttf */ = {isa = PBXFileReference; lastKnownFileType = file; path = "Oswald-Regular.ttf"; sourceTree = "<group>"; };
		651716622B43F8D0003D3723 /* Lato-Light.ttf */ = {isa = PBXFileReference; lastKnownFileType = file; path = "Lato-Light.ttf"; sourceTree = "<group>"; };
		651716632B43F8D0003D3723 /* Lato-Medium.ttf */ = {isa = PBXFileReference; lastKnownFileType = file; path = "Lato-Medium.ttf"; sourceTree = "<group>"; };
		651716652B43F8D0003D3723 /* Roboto-Medium.ttf */ = {isa = PBXFileReference; lastKnownFileType = file; path = "Roboto-Medium.ttf"; sourceTree = "<group>"; };
		651716662B43F8D0003D3723 /* Poppins-Light.ttf */ = {isa = PBXFileReference; lastKnownFileType = file; path = "Poppins-Light.ttf"; sourceTree = "<group>"; };
		651716672B43F8D0003D3723 /* Poppins-Medium.ttf */ = {isa = PBXFileReference; lastKnownFileType = file; path = "Poppins-Medium.ttf"; sourceTree = "<group>"; };
		651716682B43F8D0003D3723 /* Oswald-Medium.ttf */ = {isa = PBXFileReference; lastKnownFileType = file; path = "Oswald-Medium.ttf"; sourceTree = "<group>"; };
		651716692B43F8D1003D3723 /* Poppins-ExtraBold.ttf */ = {isa = PBXFileReference; lastKnownFileType = file; path = "Poppins-ExtraBold.ttf"; sourceTree = "<group>"; };
		6517166A2B43F8D1003D3723 /* OpenSans-Medium.ttf */ = {isa = PBXFileReference; lastKnownFileType = file; path = "OpenSans-Medium.ttf"; sourceTree = "<group>"; };
		6517166B2B43F8D1003D3723 /* Poppins-Bold.ttf */ = {isa = PBXFileReference; lastKnownFileType = file; path = "Poppins-Bold.ttf"; sourceTree = "<group>"; };
		6517166C2B43F8D1003D3723 /* Poppins-Black.ttf */ = {isa = PBXFileReference; lastKnownFileType = file; path = "Poppins-Black.ttf"; sourceTree = "<group>"; };
		6517166D2B43F8D1003D3723 /* Poppins-SemiBold.ttf */ = {isa = PBXFileReference; lastKnownFileType = file; path = "Poppins-SemiBold.ttf"; sourceTree = "<group>"; };
		651716732B43F8D1003D3723 /* ColorManager.swift */ = {isa = PBXFileReference; fileEncoding = 4; lastKnownFileType = sourcecode.swift; path = ColorManager.swift; sourceTree = "<group>"; };
		651716752B43F8D1003D3723 /* DeviceName.swift */ = {isa = PBXFileReference; fileEncoding = 4; lastKnownFileType = sourcecode.swift; path = DeviceName.swift; sourceTree = "<group>"; };
		651716762B43F8D1003D3723 /* NSObject+Helper.swift */ = {isa = PBXFileReference; fileEncoding = 4; lastKnownFileType = sourcecode.swift; path = "NSObject+Helper.swift"; sourceTree = "<group>"; };
		651716772B43F8D1003D3723 /* Decodable.swift */ = {isa = PBXFileReference; fileEncoding = 4; lastKnownFileType = sourcecode.swift; path = Decodable.swift; sourceTree = "<group>"; };
		651716782B43F8D1003D3723 /* Loader.swift */ = {isa = PBXFileReference; fileEncoding = 4; lastKnownFileType = sourcecode.swift; path = Loader.swift; sourceTree = "<group>"; };
		651716792B43F8D1003D3723 /* BaseViewModelProtocol.swift */ = {isa = PBXFileReference; fileEncoding = 4; lastKnownFileType = sourcecode.swift; path = BaseViewModelProtocol.swift; sourceTree = "<group>"; };
		6517167A2B43F8D1003D3723 /* ProgressHUD.swift */ = {isa = PBXFileReference; fileEncoding = 4; lastKnownFileType = sourcecode.swift; path = ProgressHUD.swift; sourceTree = "<group>"; };
		6517167B2B43F8D1003D3723 /* StoryboardExtension.swift */ = {isa = PBXFileReference; fileEncoding = 4; lastKnownFileType = sourcecode.swift; path = StoryboardExtension.swift; sourceTree = "<group>"; };
		6517167E2B43F8D1003D3723 /* clist.json */ = {isa = PBXFileReference; fileEncoding = 4; lastKnownFileType = text.json; path = clist.json; sourceTree = "<group>"; };
		6517167F2B43F8D1003D3723 /* currencylist.json */ = {isa = PBXFileReference; fileEncoding = 4; lastKnownFileType = text.json; path = currencylist.json; sourceTree = "<group>"; };
		651718222B441151003D3723 /* DashBoardTBVC.swift */ = {isa = PBXFileReference; lastKnownFileType = sourcecode.swift; path = DashBoardTBVC.swift; sourceTree = "<group>"; };
		651718272B441620003D3723 /* DashboardVC.swift */ = {isa = PBXFileReference; lastKnownFileType = sourcecode.swift; path = DashboardVC.swift; sourceTree = "<group>"; };
		651718292B441630003D3723 /* TripsVC.swift */ = {isa = PBXFileReference; lastKnownFileType = sourcecode.swift; path = TripsVC.swift; sourceTree = "<group>"; };
		6517182B2B44163F003D3723 /* ProfileVC.swift */ = {isa = PBXFileReference; lastKnownFileType = sourcecode.swift; path = ProfileVC.swift; sourceTree = "<group>"; };
		6517182D2B441650003D3723 /* MoreVC.swift */ = {isa = PBXFileReference; lastKnownFileType = sourcecode.swift; path = MoreVC.swift; sourceTree = "<group>"; };
		65B679652B441DE800E5D1C3 /* Main.storyboard */ = {isa = PBXFileReference; lastKnownFileType = file.storyboard; path = Main.storyboard; sourceTree = "<group>"; };
		65B6796A2B4421FC00E5D1C3 /* OpenSans-Regular.ttf */ = {isa = PBXFileReference; lastKnownFileType = file; path = "OpenSans-Regular.ttf"; sourceTree = "<group>"; };
		65B6796B2B4421FC00E5D1C3 /* OpenSans-SemiBold.ttf */ = {isa = PBXFileReference; lastKnownFileType = file; path = "OpenSans-SemiBold.ttf"; sourceTree = "<group>"; };
		65B6796C2B4421FC00E5D1C3 /* OpenSans-Medium.ttf */ = {isa = PBXFileReference; lastKnownFileType = file; path = "OpenSans-Medium.ttf"; sourceTree = "<group>"; };
		65B6796D2B4421FC00E5D1C3 /* OpenSans-Bold.ttf */ = {isa = PBXFileReference; lastKnownFileType = file; path = "OpenSans-Bold.ttf"; sourceTree = "<group>"; };
		65B6796E2B4421FD00E5D1C3 /* OpenSans-Light.ttf */ = {isa = PBXFileReference; lastKnownFileType = file; path = "OpenSans-Light.ttf"; sourceTree = "<group>"; };
		65B679752B44230C00E5D1C3 /* Inter-Bold.ttf */ = {isa = PBXFileReference; lastKnownFileType = file; path = "Inter-Bold.ttf"; sourceTree = "<group>"; };
		65B679762B44230D00E5D1C3 /* Inter-Medium.ttf */ = {isa = PBXFileReference; lastKnownFileType = file; path = "Inter-Medium.ttf"; sourceTree = "<group>"; };
		65B679772B44230D00E5D1C3 /* Inter-Regular.ttf */ = {isa = PBXFileReference; lastKnownFileType = file; path = "Inter-Regular.ttf"; sourceTree = "<group>"; };
		65B679782B44230D00E5D1C3 /* Inter-SemiBold.ttf */ = {isa = PBXFileReference; lastKnownFileType = file; path = "Inter-SemiBold.ttf"; sourceTree = "<group>"; };
		65B679842B4425CE00E5D1C3 /* TabSelectTVCell.swift */ = {isa = PBXFileReference; lastKnownFileType = sourcecode.swift; path = TabSelectTVCell.swift; sourceTree = "<group>"; };
		65B679852B4425CE00E5D1C3 /* TabSelectTVCell.xib */ = {isa = PBXFileReference; lastKnownFileType = file.xib; path = TabSelectTVCell.xib; sourceTree = "<group>"; };
		65B6798A2B443AE500E5D1C3 /* PopularDestinationsTVCell.swift */ = {isa = PBXFileReference; lastKnownFileType = sourcecode.swift; path = PopularDestinationsTVCell.swift; sourceTree = "<group>"; };
		65B6798B2B443AE500E5D1C3 /* PopularDestinationsTVCell.xib */ = {isa = PBXFileReference; lastKnownFileType = file.xib; path = PopularDestinationsTVCell.xib; sourceTree = "<group>"; };
		65B6798F2B443D1100E5D1C3 /* SelectCityCVCell.swift */ = {isa = PBXFileReference; lastKnownFileType = sourcecode.swift; path = SelectCityCVCell.swift; sourceTree = "<group>"; };
		65B679902B443D1100E5D1C3 /* SelectCityCVCell.xib */ = {isa = PBXFileReference; lastKnownFileType = file.xib; path = SelectCityCVCell.xib; sourceTree = "<group>"; };
		65B679942B443D9200E5D1C3 /* SelectDestCVCell.swift */ = {isa = PBXFileReference; lastKnownFileType = sourcecode.swift; path = SelectDestCVCell.swift; sourceTree = "<group>"; };
		65B679952B443D9200E5D1C3 /* SelectDestCVCell.xib */ = {isa = PBXFileReference; lastKnownFileType = file.xib; path = SelectDestCVCell.xib; sourceTree = "<group>"; };
		65B679992B44465800E5D1C3 /* TopcityGuidesCVCell.swift */ = {isa = PBXFileReference; lastKnownFileType = sourcecode.swift; path = TopcityGuidesCVCell.swift; sourceTree = "<group>"; };
		65B6799A2B44465800E5D1C3 /* TopcityGuidesCVCell.xib */ = {isa = PBXFileReference; lastKnownFileType = file.xib; path = TopcityGuidesCVCell.xib; sourceTree = "<group>"; };
		65B679A22B44475A00E5D1C3 /* TopcityGuidesTVCell.swift */ = {isa = PBXFileReference; lastKnownFileType = sourcecode.swift; path = TopcityGuidesTVCell.swift; sourceTree = "<group>"; };
		65B679A32B44475A00E5D1C3 /* TopcityGuidesTVCell.xib */ = {isa = PBXFileReference; lastKnownFileType = file.xib; path = TopcityGuidesTVCell.xib; sourceTree = "<group>"; };
		8C1727B54071D4A493CAF226 /* Pods_TravgateApp.framework */ = {isa = PBXFileReference; explicitFileType = wrapper.framework; includeInIndex = 0; path = Pods_TravgateApp.framework; sourceTree = BUILT_PRODUCTS_DIR; };
		92CCA4D767899C0947F898F0 /* Pods-TravgateAppTests.debug.xcconfig */ = {isa = PBXFileReference; includeInIndex = 1; lastKnownFileType = text.xcconfig; name = "Pods-TravgateAppTests.debug.xcconfig"; path = "Target Support Files/Pods-TravgateAppTests/Pods-TravgateAppTests.debug.xcconfig"; sourceTree = "<group>"; };
		A833FE625AA0EA62C12BEE47 /* Pods-TravgateApp.debug.xcconfig */ = {isa = PBXFileReference; includeInIndex = 1; lastKnownFileType = text.xcconfig; name = "Pods-TravgateApp.debug.xcconfig"; path = "Target Support Files/Pods-TravgateApp/Pods-TravgateApp.debug.xcconfig"; sourceTree = "<group>"; };
		BBDE2F58F72AA616EC567804 /* Pods-TravgateApp-TravgateAppUITests.debug.xcconfig */ = {isa = PBXFileReference; includeInIndex = 1; lastKnownFileType = text.xcconfig; name = "Pods-TravgateApp-TravgateAppUITests.debug.xcconfig"; path = "Target Support Files/Pods-TravgateApp-TravgateAppUITests/Pods-TravgateApp-TravgateAppUITests.debug.xcconfig"; sourceTree = "<group>"; };
		FFE627D4634869D92FB4547E /* Pods-TravgateApp-TravgateAppUITests.release.xcconfig */ = {isa = PBXFileReference; includeInIndex = 1; lastKnownFileType = text.xcconfig; name = "Pods-TravgateApp-TravgateAppUITests.release.xcconfig"; path = "Target Support Files/Pods-TravgateApp-TravgateAppUITests/Pods-TravgateApp-TravgateAppUITests.release.xcconfig"; sourceTree = "<group>"; };
/* End PBXFileReference section */

/* Begin PBXFrameworksBuildPhase section */
		6517140D2B43F837003D3723 /* Frameworks */ = {
			isa = PBXFrameworksBuildPhase;
			buildActionMask = 2147483647;
			files = (
				F35DB7DEE4FE2CEB1228C68B /* Pods_TravgateApp.framework in Frameworks */,
			);
			runOnlyForDeploymentPostprocessing = 0;
		};
		651714232B43F839003D3723 /* Frameworks */ = {
			isa = PBXFrameworksBuildPhase;
			buildActionMask = 2147483647;
			files = (
				B0DAB0DBB63A478E83F5291D /* Pods_TravgateAppTests.framework in Frameworks */,
			);
			runOnlyForDeploymentPostprocessing = 0;
		};
		6517142D2B43F839003D3723 /* Frameworks */ = {
			isa = PBXFrameworksBuildPhase;
			buildActionMask = 2147483647;
			files = (
				A49629B2BC0298903ECB14C9 /* Pods_TravgateApp_TravgateAppUITests.framework in Frameworks */,
			);
			runOnlyForDeploymentPostprocessing = 0;
		};
/* End PBXFrameworksBuildPhase section */

/* Begin PBXGroup section */
		5BEC774A3992231C55B33CA6 /* Frameworks */ = {
			isa = PBXGroup;
			children = (
				8C1727B54071D4A493CAF226 /* Pods_TravgateApp.framework */,
				3CD57DADF2827CC7315F9E10 /* Pods_TravgateApp_TravgateAppUITests.framework */,
				634B61CF8AE4096700985889 /* Pods_TravgateAppTests.framework */,
			);
			name = Frameworks;
			sourceTree = "<group>";
		};
		650DBA222B451A0E0052294A /* SpecialOffersTVCell */ = {
			isa = PBXGroup;
			children = (
				650DBA282B451B840052294A /* SpecialOffersTVCell.swift */,
				650DBA292B451B840052294A /* SpecialOffersTVCell.xib */,
			);
			path = SpecialOffersTVCell;
			sourceTree = "<group>";
		};
		650DBA232B451A210052294A /* SpecialOffersCVCell */ = {
			isa = PBXGroup;
			children = (
				650DBA242B451A390052294A /* SpecialOffersCVCell.swift */,
				650DBA252B451A390052294A /* SpecialOffersCVCell.xib */,
			);
			path = SpecialOffersCVCell;
			sourceTree = "<group>";
		};
		650DBA2C2B451D680052294A /* EmptyTVCell */ = {
			isa = PBXGroup;
			children = (
				650DBA2D2B451D7E0052294A /* EmptyTVCell.swift */,
				650DBA2E2B451D7E0052294A /* EmptyTVCell.xib */,
			);
			path = EmptyTVCell;
			sourceTree = "<group>";
		};
		650DBA312B451FE00052294A /* MoreServiceTVCell */ = {
			isa = PBXGroup;
			children = (
				650DBA322B451FFD0052294A /* MoreServiceTVCell.swift */,
				650DBA332B451FFD0052294A /* MoreServiceTVCell.xib */,
			);
			path = MoreServiceTVCell;
			sourceTree = "<group>";
		};
		650DBA362B4528250052294A /* MoreServiceCVCell */ = {
			isa = PBXGroup;
			children = (
				650DBA372B4528410052294A /* MoreServiceCVCell.swift */,
				650DBA382B4528410052294A /* MoreServiceCVCell.xib */,
			);
			path = MoreServiceCVCell;
			sourceTree = "<group>";
		};
		651714072B43F837003D3723 = {
			isa = PBXGroup;
			children = (
				651714122B43F837003D3723 /* TravgateApp */,
				651714292B43F839003D3723 /* TravgateAppTests */,
				651714332B43F839003D3723 /* TravgateAppUITests */,
				651714112B43F837003D3723 /* Products */,
				81FCC340B91874B16663E227 /* Pods */,
				5BEC774A3992231C55B33CA6 /* Frameworks */,
			);
			sourceTree = "<group>";
		};
		651714112B43F837003D3723 /* Products */ = {
			isa = PBXGroup;
			children = (
				651714102B43F837003D3723 /* TravgateApp.app */,
				651714262B43F839003D3723 /* TravgateAppTests.xctest */,
				651714302B43F839003D3723 /* TravgateAppUITests.xctest */,
			);
			name = Products;
			sourceTree = "<group>";
		};
		651714122B43F837003D3723 /* TravgateApp */ = {
			isa = PBXGroup;
			children = (
				6517144A2B43F8CD003D3723 /* APP */,
				651714132B43F837003D3723 /* AppDelegate.swift */,
				651714152B43F837003D3723 /* SceneDelegate.swift */,
				6517141C2B43F839003D3723 /* Assets.xcassets */,
				6517141E2B43F839003D3723 /* LaunchScreen.storyboard */,
				651714212B43F839003D3723 /* Info.plist */,
			);
			path = TravgateApp;
			sourceTree = "<group>";
		};
		651714292B43F839003D3723 /* TravgateAppTests */ = {
			isa = PBXGroup;
			children = (
				6517142A2B43F839003D3723 /* TravgateAppTests.swift */,
			);
			path = TravgateAppTests;
			sourceTree = "<group>";
		};
		651714332B43F839003D3723 /* TravgateAppUITests */ = {
			isa = PBXGroup;
			children = (
				651714342B43F839003D3723 /* TravgateAppUITests.swift */,
				651714362B43F839003D3723 /* TravgateAppUITestsLaunchTests.swift */,
			);
			path = TravgateAppUITests;
			sourceTree = "<group>";
		};
		6517144A2B43F8CD003D3723 /* APP */ = {
			isa = PBXGroup;
			children = (
				6517163D2B43F8D0003D3723 /* Config */,
				651718142B43F901003D3723 /* scens */,
			);
			path = APP;
			sourceTree = "<group>";
		};
		6517163D2B43F8D0003D3723 /* Config */ = {
			isa = PBXGroup;
			children = (
				6517163E2B43F8D0003D3723 /* BaseVCS */,
				651716432B43F8D0003D3723 /* Constants */,
				651716482B43F8D0003D3723 /* CommonMethods */,
				6517164C2B43F8D0003D3723 /* Service Manager */,
				6517164F2B43F8D0003D3723 /* Extensions */,
				651716592B43F8D0003D3723 /* UIFonts */,
				651716742B43F8D1003D3723 /* Helper */,
				6517167C2B43F8D1003D3723 /* JsonFiles */,
			);
			path = Config;
			sourceTree = "<group>";
		};
		6517163E2B43F8D0003D3723 /* BaseVCS */ = {
			isa = PBXGroup;
			children = (
				6517163F2B43F8D0003D3723 /* BaseVC.swift */,
				651716402B43F8D0003D3723 /* TableViewCell.swift */,
				651716412B43F8D0003D3723 /* BaseTableVC.swift */,
				651716422B43F8D0003D3723 /* UIModels.swift */,
			);
			path = BaseVCS;
			sourceTree = "<group>";
		};
		651716432B43F8D0003D3723 /* Constants */ = {
			isa = PBXGroup;
			children = (
				651716442B43F8D0003D3723 /* Constants.swift */,
				651716452B43F8D0003D3723 /* newloder.gif */,
				651716462B43F8D0003D3723 /* loderimg.gif */,
				651716472B43F8D0003D3723 /* SessionManager.swift */,
			);
			path = Constants;
			sourceTree = "<group>";
		};
		651716482B43F8D0003D3723 /* CommonMethods */ = {
			isa = PBXGroup;
			children = (
			);
			path = CommonMethods;
			sourceTree = "<group>";
		};
		6517164C2B43F8D0003D3723 /* Service Manager */ = {
			isa = PBXGroup;
			children = (
				6517164D2B43F8D0003D3723 /* ServiceManager.swift */,
				6517164E2B43F8D0003D3723 /* BorderView.swift */,
			);
			path = "Service Manager";
			sourceTree = "<group>";
		};
		6517164F2B43F8D0003D3723 /* Extensions */ = {
			isa = PBXGroup;
			children = (
				651716502B43F8D0003D3723 /* TableViewHelper.swift */,
				651716512B43F8D0003D3723 /* UIViewControllerExtension.swift */,
				651716522B43F8D0003D3723 /* ButtonExtension.swift */,
				651716532B43F8D0003D3723 /* UIKitHelper.swift */,
				651716542B43F8D0003D3723 /* TableViewExtensions.swift */,
				651716552B43F8D0003D3723 /* StringExtension.swift */,
				651716562B43F8D0003D3723 /* TextFieldExtension.swift */,
				651716572B43F8D0003D3723 /* DateExtension.swift */,
				651716582B43F8D0003D3723 /* UITapGestureRecognizer.swift */,
			);
			path = Extensions;
			sourceTree = "<group>";
		};
		651716592B43F8D0003D3723 /* UIFonts */ = {
			isa = PBXGroup;
			children = (
				65B679742B4422DD00E5D1C3 /* Inter */,
				65B679692B4421D400E5D1C3 /* openSans */,
				651716732B43F8D1003D3723 /* ColorManager.swift */,
				6517165A2B43F8D0003D3723 /* FontManager.swift */,
				6517165B2B43F8D0003D3723 /* UIColorManager.swift */,
				6517165C2B43F8D0003D3723 /* Oswald */,
				651716642B43F8D0003D3723 /* Poppins */,
			);
			path = UIFonts;
			sourceTree = "<group>";
		};
		6517165C2B43F8D0003D3723 /* Oswald */ = {
			isa = PBXGroup;
			children = (
				6517165D2B43F8D0003D3723 /* Oswald-Bold.ttf */,
				6517165E2B43F8D0003D3723 /* Oswald-SemiBold.ttf */,
				6517165F2B43F8D0003D3723 /* Lato-Regular.ttf */,
				651716602B43F8D0003D3723 /* Lato-Semibold.ttf */,
				651716612B43F8D0003D3723 /* Oswald-Regular.ttf */,
				651716622B43F8D0003D3723 /* Lato-Light.ttf */,
				651716632B43F8D0003D3723 /* Lato-Medium.ttf */,
			);
			path = Oswald;
			sourceTree = "<group>";
		};
		651716642B43F8D0003D3723 /* Poppins */ = {
			isa = PBXGroup;
			children = (
				651716652B43F8D0003D3723 /* Roboto-Medium.ttf */,
				651716662B43F8D0003D3723 /* Poppins-Light.ttf */,
				651716672B43F8D0003D3723 /* Poppins-Medium.ttf */,
				651716682B43F8D0003D3723 /* Oswald-Medium.ttf */,
				651716692B43F8D1003D3723 /* Poppins-ExtraBold.ttf */,
				6517166A2B43F8D1003D3723 /* OpenSans-Medium.ttf */,
				6517166B2B43F8D1003D3723 /* Poppins-Bold.ttf */,
				6517166C2B43F8D1003D3723 /* Poppins-Black.ttf */,
				6517166D2B43F8D1003D3723 /* Poppins-SemiBold.ttf */,
			);
			path = Poppins;
			sourceTree = "<group>";
		};
		651716742B43F8D1003D3723 /* Helper */ = {
			isa = PBXGroup;
			children = (
				651716752B43F8D1003D3723 /* DeviceName.swift */,
				651716762B43F8D1003D3723 /* NSObject+Helper.swift */,
				651716772B43F8D1003D3723 /* Decodable.swift */,
				651716782B43F8D1003D3723 /* Loader.swift */,
				651716792B43F8D1003D3723 /* BaseViewModelProtocol.swift */,
				6517167A2B43F8D1003D3723 /* ProgressHUD.swift */,
				6517167B2B43F8D1003D3723 /* StoryboardExtension.swift */,
			);
			path = Helper;
			sourceTree = "<group>";
		};
		6517167C2B43F8D1003D3723 /* JsonFiles */ = {
			isa = PBXGroup;
			children = (
				6517167D2B43F8D1003D3723 /* CurrencyListJson */,
			);
			path = JsonFiles;
			sourceTree = "<group>";
		};
		6517167D2B43F8D1003D3723 /* CurrencyListJson */ = {
			isa = PBXGroup;
			children = (
				6517167E2B43F8D1003D3723 /* clist.json */,
				6517167F2B43F8D1003D3723 /* currencylist.json */,
			);
			path = CurrencyListJson;
			sourceTree = "<group>";
		};
		651718142B43F901003D3723 /* scens */ = {
			isa = PBXGroup;
			children = (
				6517181D2B4410B4003D3723 /* Dashboard */,
				651718172B440B47003D3723 /* Login */,
				651718152B440B38003D3723 /* Flight */,
				651718162B440B40003D3723 /* Hotel */,
			);
			path = scens;
			sourceTree = "<group>";
		};
		651718152B440B38003D3723 /* Flight */ = {
			isa = PBXGroup;
			children = (
				65B679642B441CB800E5D1C3 /* SB */,
				6517181B2B440B70003D3723 /* CVCells */,
				6517181A2B440B64003D3723 /* TVCells */,
				651718192B440B5C003D3723 /* Model */,
				651718182B440B51003D3723 /* VC */,
			);
			path = Flight;
			sourceTree = "<group>";
		};
		651718162B440B40003D3723 /* Hotel */ = {
			isa = PBXGroup;
			children = (
			);
			path = Hotel;
			sourceTree = "<group>";
		};
		651718172B440B47003D3723 /* Login */ = {
			isa = PBXGroup;
			children = (
			);
			path = Login;
			sourceTree = "<group>";
		};
		651718182B440B51003D3723 /* VC */ = {
			isa = PBXGroup;
			children = (
			);
			path = VC;
			sourceTree = "<group>";
		};
		651718192B440B5C003D3723 /* Model */ = {
			isa = PBXGroup;
			children = (
			);
			path = Model;
			sourceTree = "<group>";
		};
		6517181A2B440B64003D3723 /* TVCells */ = {
			isa = PBXGroup;
			children = (
			);
			path = TVCells;
			sourceTree = "<group>";
		};
		6517181B2B440B70003D3723 /* CVCells */ = {
			isa = PBXGroup;
			children = (
			);
			path = CVCells;
			sourceTree = "<group>";
		};
		6517181D2B4410B4003D3723 /* Dashboard */ = {
			isa = PBXGroup;
			children = (
				65B679832B44258400E5D1C3 /* View Models */,
				65B679822B44257700E5D1C3 /* MODULES */,
				65B679802B44256700E5D1C3 /* Views */,
				65B679672B441E0200E5D1C3 /* SB */,
				651718242B4415BA003D3723 /* VC */,
			);
			path = Dashboard;
			sourceTree = "<group>";
		};
		651718242B4415BA003D3723 /* VC */ = {
			isa = PBXGroup;
			children = (
				651714172B43F837003D3723 /* ViewController.swift */,
				651718222B441151003D3723 /* DashBoardTBVC.swift */,
				651718272B441620003D3723 /* DashboardVC.swift */,
				651718292B441630003D3723 /* TripsVC.swift */,
				6517182B2B44163F003D3723 /* ProfileVC.swift */,
				6517182D2B441650003D3723 /* MoreVC.swift */,
			);
			path = VC;
			sourceTree = "<group>";
		};
		65B679642B441CB800E5D1C3 /* SB */ = {
			isa = PBXGroup;
			children = (
			);
			path = SB;
			sourceTree = "<group>";
		};
		65B679672B441E0200E5D1C3 /* SB */ = {
			isa = PBXGroup;
			children = (
				65B679652B441DE800E5D1C3 /* Main.storyboard */,
			);
			path = SB;
			sourceTree = "<group>";
		};
		65B679692B4421D400E5D1C3 /* openSans */ = {
			isa = PBXGroup;
			children = (
				65B6796D2B4421FC00E5D1C3 /* OpenSans-Bold.ttf */,
				65B6796E2B4421FD00E5D1C3 /* OpenSans-Light.ttf */,
				65B6796C2B4421FC00E5D1C3 /* OpenSans-Medium.ttf */,
				65B6796A2B4421FC00E5D1C3 /* OpenSans-Regular.ttf */,
				65B6796B2B4421FC00E5D1C3 /* OpenSans-SemiBold.ttf */,
			);
			path = openSans;
			sourceTree = "<group>";
		};
		65B679742B4422DD00E5D1C3 /* Inter */ = {
			isa = PBXGroup;
			children = (
				65B679752B44230C00E5D1C3 /* Inter-Bold.ttf */,
				65B679762B44230D00E5D1C3 /* Inter-Medium.ttf */,
				65B679772B44230D00E5D1C3 /* Inter-Regular.ttf */,
				65B679782B44230D00E5D1C3 /* Inter-SemiBold.ttf */,
			);
			path = Inter;
			sourceTree = "<group>";
		};
		65B6797E2B44254D00E5D1C3 /* TVCells */ = {
			isa = PBXGroup;
			children = (
				650DBA312B451FE00052294A /* MoreServiceTVCell */,
				650DBA2C2B451D680052294A /* EmptyTVCell */,
				650DBA222B451A0E0052294A /* SpecialOffersTVCell */,
				65B6799D2B44471000E5D1C3 /* TopcityGuidesTVCell */,
				65B679892B443ACE00E5D1C3 /* PopularDestinationsTVCell */,
				65B679882B443ABC00E5D1C3 /* TabSelectTVCell */,
			);
			name = TVCells;
			path = ..;
			sourceTree = "<group>";
		};
		65B679802B44256700E5D1C3 /* Views */ = {
			isa = PBXGroup;
			children = (
				65B6797E2B44254D00E5D1C3 /* TVCells */,
				65B679812B44257100E5D1C3 /* CVCells */,
			);
			path = Views;
			sourceTree = "<group>";
		};
		65B679812B44257100E5D1C3 /* CVCells */ = {
			isa = PBXGroup;
			children = (
				650DBA362B4528250052294A /* MoreServiceCVCell */,
				650DBA232B451A210052294A /* SpecialOffersCVCell */,
				65B679982B44463F00E5D1C3 /* TopcityGuidesCVCell */,
				65B679932B443D7A00E5D1C3 /* SelectDestCVCell */,
				65B6798E2B443CEE00E5D1C3 /* SelectCityCVCell */,
			);
			path = CVCells;
			sourceTree = "<group>";
		};
		65B679822B44257700E5D1C3 /* MODULES */ = {
			isa = PBXGroup;
			children = (
			);
			path = MODULES;
			sourceTree = "<group>";
		};
		65B679832B44258400E5D1C3 /* View Models */ = {
			isa = PBXGroup;
			children = (
			);
			path = "View Models";
			sourceTree = "<group>";
		};
		65B679882B443ABC00E5D1C3 /* TabSelectTVCell */ = {
			isa = PBXGroup;
			children = (
				65B679842B4425CE00E5D1C3 /* TabSelectTVCell.swift */,
				65B679852B4425CE00E5D1C3 /* TabSelectTVCell.xib */,
			);
			path = TabSelectTVCell;
			sourceTree = "<group>";
		};
		65B679892B443ACE00E5D1C3 /* PopularDestinationsTVCell */ = {
			isa = PBXGroup;
			children = (
				65B6798A2B443AE500E5D1C3 /* PopularDestinationsTVCell.swift */,
				65B6798B2B443AE500E5D1C3 /* PopularDestinationsTVCell.xib */,
			);
			path = PopularDestinationsTVCell;
			sourceTree = "<group>";
		};
		65B6798E2B443CEE00E5D1C3 /* SelectCityCVCell */ = {
			isa = PBXGroup;
			children = (
				65B6798F2B443D1100E5D1C3 /* SelectCityCVCell.swift */,
				65B679902B443D1100E5D1C3 /* SelectCityCVCell.xib */,
			);
			path = SelectCityCVCell;
			sourceTree = "<group>";
		};
		65B679932B443D7A00E5D1C3 /* SelectDestCVCell */ = {
			isa = PBXGroup;
			children = (
				65B679942B443D9200E5D1C3 /* SelectDestCVCell.swift */,
				65B679952B443D9200E5D1C3 /* SelectDestCVCell.xib */,
			);
			path = SelectDestCVCell;
			sourceTree = "<group>";
		};
		65B679982B44463F00E5D1C3 /* TopcityGuidesCVCell */ = {
			isa = PBXGroup;
			children = (
				65B679992B44465800E5D1C3 /* TopcityGuidesCVCell.swift */,
				65B6799A2B44465800E5D1C3 /* TopcityGuidesCVCell.xib */,
			);
			path = TopcityGuidesCVCell;
			sourceTree = "<group>";
		};
		65B6799D2B44471000E5D1C3 /* TopcityGuidesTVCell */ = {
			isa = PBXGroup;
			children = (
				65B679A22B44475A00E5D1C3 /* TopcityGuidesTVCell.swift */,
				65B679A32B44475A00E5D1C3 /* TopcityGuidesTVCell.xib */,
			);
			path = TopcityGuidesTVCell;
			sourceTree = "<group>";
		};
		81FCC340B91874B16663E227 /* Pods */ = {
			isa = PBXGroup;
			children = (
				A833FE625AA0EA62C12BEE47 /* Pods-TravgateApp.debug.xcconfig */,
				3C751BD1AF769704CFE02F44 /* Pods-TravgateApp.release.xcconfig */,
				BBDE2F58F72AA616EC567804 /* Pods-TravgateApp-TravgateAppUITests.debug.xcconfig */,
				FFE627D4634869D92FB4547E /* Pods-TravgateApp-TravgateAppUITests.release.xcconfig */,
				92CCA4D767899C0947F898F0 /* Pods-TravgateAppTests.debug.xcconfig */,
				240F8178E18EDE58F85041CA /* Pods-TravgateAppTests.release.xcconfig */,
			);
			path = Pods;
			sourceTree = "<group>";
		};
/* End PBXGroup section */

/* Begin PBXNativeTarget section */
		6517140F2B43F837003D3723 /* TravgateApp */ = {
			isa = PBXNativeTarget;
			buildConfigurationList = 6517143A2B43F839003D3723 /* Build configuration list for PBXNativeTarget "TravgateApp" */;
			buildPhases = (
				D916AFDE2D52E1FDEFEAC470 /* [CP] Check Pods Manifest.lock */,
				6517140C2B43F837003D3723 /* Sources */,
				6517140D2B43F837003D3723 /* Frameworks */,
				6517140E2B43F837003D3723 /* Resources */,
				B19D28AE9C447FC88E0F354F /* [CP] Embed Pods Frameworks */,
				DA70185ACBB7719B79C1F904 /* [CP] Copy Pods Resources */,
			);
			buildRules = (
			);
			dependencies = (
			);
			name = TravgateApp;
			productName = TravgateApp;
			productReference = 651714102B43F837003D3723 /* TravgateApp.app */;
			productType = "com.apple.product-type.application";
		};
		651714252B43F839003D3723 /* TravgateAppTests */ = {
			isa = PBXNativeTarget;
			buildConfigurationList = 6517143D2B43F839003D3723 /* Build configuration list for PBXNativeTarget "TravgateAppTests" */;
			buildPhases = (
				7B1C09FC8002FA551A0E9FDB /* [CP] Check Pods Manifest.lock */,
				651714222B43F839003D3723 /* Sources */,
				651714232B43F839003D3723 /* Frameworks */,
				651714242B43F839003D3723 /* Resources */,
			);
			buildRules = (
			);
			dependencies = (
				651714282B43F839003D3723 /* PBXTargetDependency */,
			);
			name = TravgateAppTests;
			productName = TravgateAppTests;
			productReference = 651714262B43F839003D3723 /* TravgateAppTests.xctest */;
			productType = "com.apple.product-type.bundle.unit-test";
		};
		6517142F2B43F839003D3723 /* TravgateAppUITests */ = {
			isa = PBXNativeTarget;
			buildConfigurationList = 651714402B43F839003D3723 /* Build configuration list for PBXNativeTarget "TravgateAppUITests" */;
			buildPhases = (
				BF7F0E5824898267E1930EF4 /* [CP] Check Pods Manifest.lock */,
				6517142C2B43F839003D3723 /* Sources */,
				6517142D2B43F839003D3723 /* Frameworks */,
				6517142E2B43F839003D3723 /* Resources */,
				67BB2C7051B09AA74969E1D6 /* [CP] Embed Pods Frameworks */,
				D0DFF4EA38085F86AEC247B5 /* [CP] Copy Pods Resources */,
			);
			buildRules = (
			);
			dependencies = (
				651714322B43F839003D3723 /* PBXTargetDependency */,
			);
			name = TravgateAppUITests;
			productName = TravgateAppUITests;
			productReference = 651714302B43F839003D3723 /* TravgateAppUITests.xctest */;
			productType = "com.apple.product-type.bundle.ui-testing";
		};
/* End PBXNativeTarget section */

/* Begin PBXProject section */
		651714082B43F837003D3723 /* Project object */ = {
			isa = PBXProject;
			attributes = {
				BuildIndependentTargetsInParallel = 1;
				LastSwiftUpdateCheck = 1420;
				LastUpgradeCheck = 1420;
				TargetAttributes = {
					6517140F2B43F837003D3723 = {
						CreatedOnToolsVersion = 14.2;
					};
					651714252B43F839003D3723 = {
						CreatedOnToolsVersion = 14.2;
						TestTargetID = 6517140F2B43F837003D3723;
					};
					6517142F2B43F839003D3723 = {
						CreatedOnToolsVersion = 14.2;
						TestTargetID = 6517140F2B43F837003D3723;
					};
				};
			};
			buildConfigurationList = 6517140B2B43F837003D3723 /* Build configuration list for PBXProject "TravgateApp" */;
			compatibilityVersion = "Xcode 14.0";
			developmentRegion = en;
			hasScannedForEncodings = 0;
			knownRegions = (
				en,
				Base,
			);
			mainGroup = 651714072B43F837003D3723;
			productRefGroup = 651714112B43F837003D3723 /* Products */;
			projectDirPath = "";
			projectRoot = "";
			targets = (
				6517140F2B43F837003D3723 /* TravgateApp */,
				651714252B43F839003D3723 /* TravgateAppTests */,
				6517142F2B43F839003D3723 /* TravgateAppUITests */,
			);
		};
/* End PBXProject section */

/* Begin PBXResourcesBuildPhase section */
		6517140E2B43F837003D3723 /* Resources */ = {
			isa = PBXResourcesBuildPhase;
			buildActionMask = 2147483647;
			files = (
				65B679792B44238B00E5D1C3 /* Inter-Bold.ttf in Resources */,
				65B6797A2B44238B00E5D1C3 /* Inter-Medium.ttf in Resources */,
				65B6797B2B44238B00E5D1C3 /* Inter-Regular.ttf in Resources */,
				65B6797C2B44238B00E5D1C3 /* Inter-SemiBold.ttf in Resources */,
				65B6796F2B44229C00E5D1C3 /* OpenSans-Bold.ttf in Resources */,
				65B679872B4425CE00E5D1C3 /* TabSelectTVCell.xib in Resources */,
				65B679702B44229C00E5D1C3 /* OpenSans-Light.ttf in Resources */,
				650DBA3A2B4528410052294A /* MoreServiceCVCell.xib in Resources */,
				65B679712B44229C00E5D1C3 /* OpenSans-Medium.ttf in Resources */,
				65B679722B44229C00E5D1C3 /* OpenSans-Regular.ttf in Resources */,
				650DBA352B451FFD0052294A /* MoreServiceTVCell.xib in Resources */,
				65B679732B44229C00E5D1C3 /* OpenSans-SemiBold.ttf in Resources */,
				65B6799C2B44465800E5D1C3 /* TopcityGuidesCVCell.xib in Resources */,
				651717F62B43F8D4003D3723 /* Oswald-SemiBold.ttf in Resources */,
				651717F82B43F8D4003D3723 /* Lato-Semibold.ttf in Resources */,
				650DBA272B451A390052294A /* SpecialOffersCVCell.xib in Resources */,
				65B679A52B44475A00E5D1C3 /* TopcityGuidesTVCell.xib in Resources */,
				651717E42B43F8D4003D3723 /* loderimg.gif in Resources */,
				651717FD2B43F8D4003D3723 /* Poppins-Light.ttf in Resources */,
				650DBA302B451D7E0052294A /* EmptyTVCell.xib in Resources */,
				65B679662B441DE800E5D1C3 /* Main.storyboard in Resources */,
				65B6798D2B443AE500E5D1C3 /* PopularDestinationsTVCell.xib in Resources */,
				651714202B43F839003D3723 /* LaunchScreen.storyboard in Resources */,
				651718112B43F8D4003D3723 /* clist.json in Resources */,
				651717FF2B43F8D4003D3723 /* Oswald-Medium.ttf in Resources */,
				651717FE2B43F8D4003D3723 /* Poppins-Medium.ttf in Resources */,
				651717FB2B43F8D4003D3723 /* Lato-Medium.ttf in Resources */,
				65B679972B443D9200E5D1C3 /* SelectDestCVCell.xib in Resources */,
				65B679922B443D1100E5D1C3 /* SelectCityCVCell.xib in Resources */,
				651717FC2B43F8D4003D3723 /* Roboto-Medium.ttf in Resources */,
				651718022B43F8D4003D3723 /* Poppins-Bold.ttf in Resources */,
				651717E32B43F8D4003D3723 /* newloder.gif in Resources */,
				651717F72B43F8D4003D3723 /* Lato-Regular.ttf in Resources */,
				650DBA2B2B451B840052294A /* SpecialOffersTVCell.xib in Resources */,
				651718122B43F8D4003D3723 /* currencylist.json in Resources */,
				651718032B43F8D4003D3723 /* Poppins-Black.ttf in Resources */,
				6517141D2B43F839003D3723 /* Assets.xcassets in Resources */,
				651717F92B43F8D4003D3723 /* Oswald-Regular.ttf in Resources */,
				651717F52B43F8D4003D3723 /* Oswald-Bold.ttf in Resources */,
				651718042B43F8D4003D3723 /* Poppins-SemiBold.ttf in Resources */,
				651717FA2B43F8D4003D3723 /* Lato-Light.ttf in Resources */,
				651718002B43F8D4003D3723 /* Poppins-ExtraBold.ttf in Resources */,
			);
			runOnlyForDeploymentPostprocessing = 0;
		};
		651714242B43F839003D3723 /* Resources */ = {
			isa = PBXResourcesBuildPhase;
			buildActionMask = 2147483647;
			files = (
			);
			runOnlyForDeploymentPostprocessing = 0;
		};
		6517142E2B43F839003D3723 /* Resources */ = {
			isa = PBXResourcesBuildPhase;
			buildActionMask = 2147483647;
			files = (
			);
			runOnlyForDeploymentPostprocessing = 0;
		};
/* End PBXResourcesBuildPhase section */

/* Begin PBXShellScriptBuildPhase section */
		67BB2C7051B09AA74969E1D6 /* [CP] Embed Pods Frameworks */ = {
			isa = PBXShellScriptBuildPhase;
			buildActionMask = 2147483647;
			files = (
			);
			inputFileListPaths = (
				"${PODS_ROOT}/Target Support Files/Pods-TravgateApp-TravgateAppUITests/Pods-TravgateApp-TravgateAppUITests-frameworks-${CONFIGURATION}-input-files.xcfilelist",
			);
			name = "[CP] Embed Pods Frameworks";
			outputFileListPaths = (
				"${PODS_ROOT}/Target Support Files/Pods-TravgateApp-TravgateAppUITests/Pods-TravgateApp-TravgateAppUITests-frameworks-${CONFIGURATION}-output-files.xcfilelist",
			);
			runOnlyForDeploymentPostprocessing = 0;
			shellPath = /bin/sh;
			shellScript = "\"${PODS_ROOT}/Target Support Files/Pods-TravgateApp-TravgateAppUITests/Pods-TravgateApp-TravgateAppUITests-frameworks.sh\"\n";
			showEnvVarsInLog = 0;
		};
		7B1C09FC8002FA551A0E9FDB /* [CP] Check Pods Manifest.lock */ = {
			isa = PBXShellScriptBuildPhase;
			buildActionMask = 2147483647;
			files = (
			);
			inputFileListPaths = (
			);
			inputPaths = (
				"${PODS_PODFILE_DIR_PATH}/Podfile.lock",
				"${PODS_ROOT}/Manifest.lock",
			);
			name = "[CP] Check Pods Manifest.lock";
			outputFileListPaths = (
			);
			outputPaths = (
				"$(DERIVED_FILE_DIR)/Pods-TravgateAppTests-checkManifestLockResult.txt",
			);
			runOnlyForDeploymentPostprocessing = 0;
			shellPath = /bin/sh;
			shellScript = "diff \"${PODS_PODFILE_DIR_PATH}/Podfile.lock\" \"${PODS_ROOT}/Manifest.lock\" > /dev/null\nif [ $? != 0 ] ; then\n    # print error to STDERR\n    echo \"error: The sandbox is not in sync with the Podfile.lock. Run 'pod install' or update your CocoaPods installation.\" >&2\n    exit 1\nfi\n# This output is used by Xcode 'outputs' to avoid re-running this script phase.\necho \"SUCCESS\" > \"${SCRIPT_OUTPUT_FILE_0}\"\n";
			showEnvVarsInLog = 0;
		};
		B19D28AE9C447FC88E0F354F /* [CP] Embed Pods Frameworks */ = {
			isa = PBXShellScriptBuildPhase;
			buildActionMask = 2147483647;
			files = (
			);
			inputFileListPaths = (
				"${PODS_ROOT}/Target Support Files/Pods-TravgateApp/Pods-TravgateApp-frameworks-${CONFIGURATION}-input-files.xcfilelist",
			);
			name = "[CP] Embed Pods Frameworks";
			outputFileListPaths = (
				"${PODS_ROOT}/Target Support Files/Pods-TravgateApp/Pods-TravgateApp-frameworks-${CONFIGURATION}-output-files.xcfilelist",
			);
			runOnlyForDeploymentPostprocessing = 0;
			shellPath = /bin/sh;
			shellScript = "\"${PODS_ROOT}/Target Support Files/Pods-TravgateApp/Pods-TravgateApp-frameworks.sh\"\n";
			showEnvVarsInLog = 0;
		};
		BF7F0E5824898267E1930EF4 /* [CP] Check Pods Manifest.lock */ = {
			isa = PBXShellScriptBuildPhase;
			buildActionMask = 2147483647;
			files = (
			);
			inputFileListPaths = (
			);
			inputPaths = (
				"${PODS_PODFILE_DIR_PATH}/Podfile.lock",
				"${PODS_ROOT}/Manifest.lock",
			);
			name = "[CP] Check Pods Manifest.lock";
			outputFileListPaths = (
			);
			outputPaths = (
				"$(DERIVED_FILE_DIR)/Pods-TravgateApp-TravgateAppUITests-checkManifestLockResult.txt",
			);
			runOnlyForDeploymentPostprocessing = 0;
			shellPath = /bin/sh;
			shellScript = "diff \"${PODS_PODFILE_DIR_PATH}/Podfile.lock\" \"${PODS_ROOT}/Manifest.lock\" > /dev/null\nif [ $? != 0 ] ; then\n    # print error to STDERR\n    echo \"error: The sandbox is not in sync with the Podfile.lock. Run 'pod install' or update your CocoaPods installation.\" >&2\n    exit 1\nfi\n# This output is used by Xcode 'outputs' to avoid re-running this script phase.\necho \"SUCCESS\" > \"${SCRIPT_OUTPUT_FILE_0}\"\n";
			showEnvVarsInLog = 0;
		};
		D0DFF4EA38085F86AEC247B5 /* [CP] Copy Pods Resources */ = {
			isa = PBXShellScriptBuildPhase;
			buildActionMask = 2147483647;
			files = (
			);
			inputFileListPaths = (
				"${PODS_ROOT}/Target Support Files/Pods-TravgateApp-TravgateAppUITests/Pods-TravgateApp-TravgateAppUITests-resources-${CONFIGURATION}-input-files.xcfilelist",
			);
			name = "[CP] Copy Pods Resources";
			outputFileListPaths = (
				"${PODS_ROOT}/Target Support Files/Pods-TravgateApp-TravgateAppUITests/Pods-TravgateApp-TravgateAppUITests-resources-${CONFIGURATION}-output-files.xcfilelist",
			);
			runOnlyForDeploymentPostprocessing = 0;
			shellPath = /bin/sh;
			shellScript = "\"${PODS_ROOT}/Target Support Files/Pods-TravgateApp-TravgateAppUITests/Pods-TravgateApp-TravgateAppUITests-resources.sh\"\n";
			showEnvVarsInLog = 0;
		};
		D916AFDE2D52E1FDEFEAC470 /* [CP] Check Pods Manifest.lock */ = {
			isa = PBXShellScriptBuildPhase;
			buildActionMask = 2147483647;
			files = (
			);
			inputFileListPaths = (
			);
			inputPaths = (
				"${PODS_PODFILE_DIR_PATH}/Podfile.lock",
				"${PODS_ROOT}/Manifest.lock",
			);
			name = "[CP] Check Pods Manifest.lock";
			outputFileListPaths = (
			);
			outputPaths = (
				"$(DERIVED_FILE_DIR)/Pods-TravgateApp-checkManifestLockResult.txt",
			);
			runOnlyForDeploymentPostprocessing = 0;
			shellPath = /bin/sh;
			shellScript = "diff \"${PODS_PODFILE_DIR_PATH}/Podfile.lock\" \"${PODS_ROOT}/Manifest.lock\" > /dev/null\nif [ $? != 0 ] ; then\n    # print error to STDERR\n    echo \"error: The sandbox is not in sync with the Podfile.lock. Run 'pod install' or update your CocoaPods installation.\" >&2\n    exit 1\nfi\n# This output is used by Xcode 'outputs' to avoid re-running this script phase.\necho \"SUCCESS\" > \"${SCRIPT_OUTPUT_FILE_0}\"\n";
			showEnvVarsInLog = 0;
		};
		DA70185ACBB7719B79C1F904 /* [CP] Copy Pods Resources */ = {
			isa = PBXShellScriptBuildPhase;
			buildActionMask = 2147483647;
			files = (
			);
			inputFileListPaths = (
				"${PODS_ROOT}/Target Support Files/Pods-TravgateApp/Pods-TravgateApp-resources-${CONFIGURATION}-input-files.xcfilelist",
			);
			name = "[CP] Copy Pods Resources";
			outputFileListPaths = (
				"${PODS_ROOT}/Target Support Files/Pods-TravgateApp/Pods-TravgateApp-resources-${CONFIGURATION}-output-files.xcfilelist",
			);
			runOnlyForDeploymentPostprocessing = 0;
			shellPath = /bin/sh;
			shellScript = "\"${PODS_ROOT}/Target Support Files/Pods-TravgateApp/Pods-TravgateApp-resources.sh\"\n";
			showEnvVarsInLog = 0;
		};
/* End PBXShellScriptBuildPhase section */

/* Begin PBXSourcesBuildPhase section */
		6517140C2B43F837003D3723 /* Sources */ = {
			isa = PBXSourcesBuildPhase;
			buildActionMask = 2147483647;
			files = (
				6517180F2B43F8D4003D3723 /* ProgressHUD.swift in Sources */,
				651717EB2B43F8D4003D3723 /* UIViewControllerExtension.swift in Sources */,
				651717E82B43F8D4003D3723 /* ServiceManager.swift in Sources */,
				651717F32B43F8D4003D3723 /* FontManager.swift in Sources */,
				651714182B43F837003D3723 /* ViewController.swift in Sources */,
				650DBA262B451A390052294A /* SpecialOffersCVCell.swift in Sources */,
				651718232B441151003D3723 /* DashBoardTBVC.swift in Sources */,
				651717E22B43F8D4003D3723 /* Constants.swift in Sources */,
				651717EF2B43F8D4003D3723 /* StringExtension.swift in Sources */,
				651717EA2B43F8D4003D3723 /* TableViewHelper.swift in Sources */,
				6517180E2B43F8D4003D3723 /* BaseViewModelProtocol.swift in Sources */,
				65B6799B2B44465800E5D1C3 /* TopcityGuidesCVCell.swift in Sources */,
				651717DF2B43F8D4003D3723 /* TableViewCell.swift in Sources */,
				650DBA2F2B451D7E0052294A /* EmptyTVCell.swift in Sources */,
				651717E12B43F8D4003D3723 /* UIModels.swift in Sources */,
				651717E52B43F8D4003D3723 /* SessionManager.swift in Sources */,
				651718282B441620003D3723 /* DashboardVC.swift in Sources */,
				651717EC2B43F8D4003D3723 /* ButtonExtension.swift in Sources */,
				651717F22B43F8D4003D3723 /* UITapGestureRecognizer.swift in Sources */,
				6517180D2B43F8D4003D3723 /* Loader.swift in Sources */,
				6517180B2B43F8D4003D3723 /* NSObject+Helper.swift in Sources */,
				651718102B43F8D4003D3723 /* StoryboardExtension.swift in Sources */,
				65B6798C2B443AE500E5D1C3 /* PopularDestinationsTVCell.swift in Sources */,
				651714142B43F837003D3723 /* AppDelegate.swift in Sources */,
				651717DE2B43F8D4003D3723 /* BaseVC.swift in Sources */,
				6517180A2B43F8D4003D3723 /* DeviceName.swift in Sources */,
				651714162B43F837003D3723 /* SceneDelegate.swift in Sources */,
				651717E02B43F8D4003D3723 /* BaseTableVC.swift in Sources */,
				6517182E2B441650003D3723 /* MoreVC.swift in Sources */,
				650DBA392B4528410052294A /* MoreServiceCVCell.swift in Sources */,
				650DBA2A2B451B840052294A /* SpecialOffersTVCell.swift in Sources */,
				651717E92B43F8D4003D3723 /* BorderView.swift in Sources */,
				651717F12B43F8D4003D3723 /* DateExtension.swift in Sources */,
				651717EE2B43F8D4003D3723 /* TableViewExtensions.swift in Sources */,
				65B679912B443D1100E5D1C3 /* SelectCityCVCell.swift in Sources */,
				651717ED2B43F8D4003D3723 /* UIKitHelper.swift in Sources */,
				65B679A42B44475A00E5D1C3 /* TopcityGuidesTVCell.swift in Sources */,
				650DBA342B451FFD0052294A /* MoreServiceTVCell.swift in Sources */,
				65B679962B443D9200E5D1C3 /* SelectDestCVCell.swift in Sources */,
				65B679862B4425CE00E5D1C3 /* TabSelectTVCell.swift in Sources */,
				6517182A2B441630003D3723 /* TripsVC.swift in Sources */,
				6517180C2B43F8D4003D3723 /* Decodable.swift in Sources */,
				6517182C2B44163F003D3723 /* ProfileVC.swift in Sources */,
				651717F02B43F8D4003D3723 /* TextFieldExtension.swift in Sources */,
				651717F42B43F8D4003D3723 /* UIColorManager.swift in Sources */,
				651718092B43F8D4003D3723 /* ColorManager.swift in Sources */,
			);
			runOnlyForDeploymentPostprocessing = 0;
		};
		651714222B43F839003D3723 /* Sources */ = {
			isa = PBXSourcesBuildPhase;
			buildActionMask = 2147483647;
			files = (
				6517142B2B43F839003D3723 /* TravgateAppTests.swift in Sources */,
			);
			runOnlyForDeploymentPostprocessing = 0;
		};
		6517142C2B43F839003D3723 /* Sources */ = {
			isa = PBXSourcesBuildPhase;
			buildActionMask = 2147483647;
			files = (
				651714372B43F839003D3723 /* TravgateAppUITestsLaunchTests.swift in Sources */,
				651714352B43F839003D3723 /* TravgateAppUITests.swift in Sources */,
			);
			runOnlyForDeploymentPostprocessing = 0;
		};
/* End PBXSourcesBuildPhase section */

/* Begin PBXTargetDependency section */
		651714282B43F839003D3723 /* PBXTargetDependency */ = {
			isa = PBXTargetDependency;
			target = 6517140F2B43F837003D3723 /* TravgateApp */;
			targetProxy = 651714272B43F839003D3723 /* PBXContainerItemProxy */;
		};
		651714322B43F839003D3723 /* PBXTargetDependency */ = {
			isa = PBXTargetDependency;
			target = 6517140F2B43F837003D3723 /* TravgateApp */;
			targetProxy = 651714312B43F839003D3723 /* PBXContainerItemProxy */;
		};
/* End PBXTargetDependency section */

/* Begin PBXVariantGroup section */
		6517141E2B43F839003D3723 /* LaunchScreen.storyboard */ = {
			isa = PBXVariantGroup;
			children = (
				6517141F2B43F839003D3723 /* Base */,
			);
			name = LaunchScreen.storyboard;
			sourceTree = "<group>";
		};
/* End PBXVariantGroup section */

/* Begin XCBuildConfiguration section */
		651714382B43F839003D3723 /* Debug */ = {
			isa = XCBuildConfiguration;
			buildSettings = {
				ALWAYS_SEARCH_USER_PATHS = NO;
				CLANG_ANALYZER_NONNULL = YES;
				CLANG_ANALYZER_NUMBER_OBJECT_CONVERSION = YES_AGGRESSIVE;
				CLANG_CXX_LANGUAGE_STANDARD = "gnu++20";
				CLANG_ENABLE_MODULES = YES;
				CLANG_ENABLE_OBJC_ARC = YES;
				CLANG_ENABLE_OBJC_WEAK = YES;
				CLANG_WARN_BLOCK_CAPTURE_AUTORELEASING = YES;
				CLANG_WARN_BOOL_CONVERSION = YES;
				CLANG_WARN_COMMA = YES;
				CLANG_WARN_CONSTANT_CONVERSION = YES;
				CLANG_WARN_DEPRECATED_OBJC_IMPLEMENTATIONS = YES;
				CLANG_WARN_DIRECT_OBJC_ISA_USAGE = YES_ERROR;
				CLANG_WARN_DOCUMENTATION_COMMENTS = YES;
				CLANG_WARN_EMPTY_BODY = YES;
				CLANG_WARN_ENUM_CONVERSION = YES;
				CLANG_WARN_INFINITE_RECURSION = YES;
				CLANG_WARN_INT_CONVERSION = YES;
				CLANG_WARN_NON_LITERAL_NULL_CONVERSION = YES;
				CLANG_WARN_OBJC_IMPLICIT_RETAIN_SELF = YES;
				CLANG_WARN_OBJC_LITERAL_CONVERSION = YES;
				CLANG_WARN_OBJC_ROOT_CLASS = YES_ERROR;
				CLANG_WARN_QUOTED_INCLUDE_IN_FRAMEWORK_HEADER = YES;
				CLANG_WARN_RANGE_LOOP_ANALYSIS = YES;
				CLANG_WARN_STRICT_PROTOTYPES = YES;
				CLANG_WARN_SUSPICIOUS_MOVE = YES;
				CLANG_WARN_UNGUARDED_AVAILABILITY = YES_AGGRESSIVE;
				CLANG_WARN_UNREACHABLE_CODE = YES;
				CLANG_WARN__DUPLICATE_METHOD_MATCH = YES;
				COPY_PHASE_STRIP = NO;
				DEBUG_INFORMATION_FORMAT = dwarf;
				ENABLE_STRICT_OBJC_MSGSEND = YES;
				ENABLE_TESTABILITY = YES;
				GCC_C_LANGUAGE_STANDARD = gnu11;
				GCC_DYNAMIC_NO_PIC = NO;
				GCC_NO_COMMON_BLOCKS = YES;
				GCC_OPTIMIZATION_LEVEL = 0;
				GCC_PREPROCESSOR_DEFINITIONS = (
					"DEBUG=1",
					"$(inherited)",
				);
				GCC_WARN_64_TO_32_BIT_CONVERSION = YES;
				GCC_WARN_ABOUT_RETURN_TYPE = YES_ERROR;
				GCC_WARN_UNDECLARED_SELECTOR = YES;
				GCC_WARN_UNINITIALIZED_AUTOS = YES_AGGRESSIVE;
				GCC_WARN_UNUSED_FUNCTION = YES;
				GCC_WARN_UNUSED_VARIABLE = YES;
				IPHONEOS_DEPLOYMENT_TARGET = 16.2;
				MTL_ENABLE_DEBUG_INFO = INCLUDE_SOURCE;
				MTL_FAST_MATH = YES;
				ONLY_ACTIVE_ARCH = YES;
				SDKROOT = iphoneos;
				SWIFT_ACTIVE_COMPILATION_CONDITIONS = DEBUG;
				SWIFT_OPTIMIZATION_LEVEL = "-Onone";
			};
			name = Debug;
		};
		651714392B43F839003D3723 /* Release */ = {
			isa = XCBuildConfiguration;
			buildSettings = {
				ALWAYS_SEARCH_USER_PATHS = NO;
				CLANG_ANALYZER_NONNULL = YES;
				CLANG_ANALYZER_NUMBER_OBJECT_CONVERSION = YES_AGGRESSIVE;
				CLANG_CXX_LANGUAGE_STANDARD = "gnu++20";
				CLANG_ENABLE_MODULES = YES;
				CLANG_ENABLE_OBJC_ARC = YES;
				CLANG_ENABLE_OBJC_WEAK = YES;
				CLANG_WARN_BLOCK_CAPTURE_AUTORELEASING = YES;
				CLANG_WARN_BOOL_CONVERSION = YES;
				CLANG_WARN_COMMA = YES;
				CLANG_WARN_CONSTANT_CONVERSION = YES;
				CLANG_WARN_DEPRECATED_OBJC_IMPLEMENTATIONS = YES;
				CLANG_WARN_DIRECT_OBJC_ISA_USAGE = YES_ERROR;
				CLANG_WARN_DOCUMENTATION_COMMENTS = YES;
				CLANG_WARN_EMPTY_BODY = YES;
				CLANG_WARN_ENUM_CONVERSION = YES;
				CLANG_WARN_INFINITE_RECURSION = YES;
				CLANG_WARN_INT_CONVERSION = YES;
				CLANG_WARN_NON_LITERAL_NULL_CONVERSION = YES;
				CLANG_WARN_OBJC_IMPLICIT_RETAIN_SELF = YES;
				CLANG_WARN_OBJC_LITERAL_CONVERSION = YES;
				CLANG_WARN_OBJC_ROOT_CLASS = YES_ERROR;
				CLANG_WARN_QUOTED_INCLUDE_IN_FRAMEWORK_HEADER = YES;
				CLANG_WARN_RANGE_LOOP_ANALYSIS = YES;
				CLANG_WARN_STRICT_PROTOTYPES = YES;
				CLANG_WARN_SUSPICIOUS_MOVE = YES;
				CLANG_WARN_UNGUARDED_AVAILABILITY = YES_AGGRESSIVE;
				CLANG_WARN_UNREACHABLE_CODE = YES;
				CLANG_WARN__DUPLICATE_METHOD_MATCH = YES;
				COPY_PHASE_STRIP = NO;
				DEBUG_INFORMATION_FORMAT = "dwarf-with-dsym";
				ENABLE_NS_ASSERTIONS = NO;
				ENABLE_STRICT_OBJC_MSGSEND = YES;
				GCC_C_LANGUAGE_STANDARD = gnu11;
				GCC_NO_COMMON_BLOCKS = YES;
				GCC_WARN_64_TO_32_BIT_CONVERSION = YES;
				GCC_WARN_ABOUT_RETURN_TYPE = YES_ERROR;
				GCC_WARN_UNDECLARED_SELECTOR = YES;
				GCC_WARN_UNINITIALIZED_AUTOS = YES_AGGRESSIVE;
				GCC_WARN_UNUSED_FUNCTION = YES;
				GCC_WARN_UNUSED_VARIABLE = YES;
				IPHONEOS_DEPLOYMENT_TARGET = 16.2;
				MTL_ENABLE_DEBUG_INFO = NO;
				MTL_FAST_MATH = YES;
				SDKROOT = iphoneos;
				SWIFT_COMPILATION_MODE = wholemodule;
				SWIFT_OPTIMIZATION_LEVEL = "-O";
				VALIDATE_PRODUCT = YES;
			};
			name = Release;
		};
		6517143B2B43F839003D3723 /* Debug */ = {
			isa = XCBuildConfiguration;
			baseConfigurationReference = A833FE625AA0EA62C12BEE47 /* Pods-TravgateApp.debug.xcconfig */;
			buildSettings = {
				ASSETCATALOG_COMPILER_APPICON_NAME = AppIcon;
				ASSETCATALOG_COMPILER_GLOBAL_ACCENT_COLOR_NAME = AccentColor;
				CODE_SIGN_STYLE = Automatic;
				CURRENT_PROJECT_VERSION = 1;
				DEVELOPMENT_TEAM = 5TLY5PME9K;
				GENERATE_INFOPLIST_FILE = YES;
				INFOPLIST_FILE = TravgateApp/Info.plist;
				INFOPLIST_KEY_LSApplicationCategoryType = "public.app-category.travel";
				INFOPLIST_KEY_UIApplicationSupportsIndirectInputEvents = YES;
				INFOPLIST_KEY_UILaunchStoryboardName = LaunchScreen;
				INFOPLIST_KEY_UIMainStoryboardFile = Main;
				INFOPLIST_KEY_UISupportedInterfaceOrientations = UIInterfaceOrientationPortrait;
				INFOPLIST_KEY_UISupportedInterfaceOrientations_iPad = "UIInterfaceOrientationLandscapeLeft UIInterfaceOrientationLandscapeRight UIInterfaceOrientationPortrait UIInterfaceOrientationPortraitUpsideDown";
				IPHONEOS_DEPLOYMENT_TARGET = 15.6;
				LD_RUNPATH_SEARCH_PATHS = (
					"$(inherited)",
					"@executable_path/Frameworks",
				);
				MARKETING_VERSION = 1.0;
				PRODUCT_BUNDLE_IDENTIFIER = com.provab.TravgateApp;
				PRODUCT_NAME = "$(TARGET_NAME)";
				SUPPORTED_PLATFORMS = "iphoneos iphonesimulator";
				SUPPORTS_MACCATALYST = NO;
				SUPPORTS_MAC_DESIGNED_FOR_IPHONE_IPAD = NO;
				SWIFT_EMIT_LOC_STRINGS = YES;
				SWIFT_VERSION = 5.0;
				TARGETED_DEVICE_FAMILY = 1;
			};
			name = Debug;
		};
		6517143C2B43F839003D3723 /* Release */ = {
			isa = XCBuildConfiguration;
			baseConfigurationReference = 3C751BD1AF769704CFE02F44 /* Pods-TravgateApp.release.xcconfig */;
			buildSettings = {
				ASSETCATALOG_COMPILER_APPICON_NAME = AppIcon;
				ASSETCATALOG_COMPILER_GLOBAL_ACCENT_COLOR_NAME = AccentColor;
				CODE_SIGN_STYLE = Automatic;
				CURRENT_PROJECT_VERSION = 1;
				DEVELOPMENT_TEAM = 5TLY5PME9K;
				GENERATE_INFOPLIST_FILE = YES;
				INFOPLIST_FILE = TravgateApp/Info.plist;
				INFOPLIST_KEY_LSApplicationCategoryType = "public.app-category.travel";
				INFOPLIST_KEY_UIApplicationSupportsIndirectInputEvents = YES;
				INFOPLIST_KEY_UILaunchStoryboardName = LaunchScreen;
				INFOPLIST_KEY_UIMainStoryboardFile = Main;
				INFOPLIST_KEY_UISupportedInterfaceOrientations = UIInterfaceOrientationPortrait;
				INFOPLIST_KEY_UISupportedInterfaceOrientations_iPad = "UIInterfaceOrientationLandscapeLeft UIInterfaceOrientationLandscapeRight UIInterfaceOrientationPortrait UIInterfaceOrientationPortraitUpsideDown";
				IPHONEOS_DEPLOYMENT_TARGET = 15.6;
				LD_RUNPATH_SEARCH_PATHS = (
					"$(inherited)",
					"@executable_path/Frameworks",
				);
				MARKETING_VERSION = 1.0;
				PRODUCT_BUNDLE_IDENTIFIER = com.provab.TravgateApp;
				PRODUCT_NAME = "$(TARGET_NAME)";
				SUPPORTED_PLATFORMS = "iphoneos iphonesimulator";
				SUPPORTS_MACCATALYST = NO;
				SUPPORTS_MAC_DESIGNED_FOR_IPHONE_IPAD = NO;
				SWIFT_EMIT_LOC_STRINGS = YES;
				SWIFT_VERSION = 5.0;
				TARGETED_DEVICE_FAMILY = 1;
			};
			name = Release;
		};
		6517143E2B43F839003D3723 /* Debug */ = {
			isa = XCBuildConfiguration;
			baseConfigurationReference = 92CCA4D767899C0947F898F0 /* Pods-TravgateAppTests.debug.xcconfig */;
			buildSettings = {
				ALWAYS_EMBED_SWIFT_STANDARD_LIBRARIES = YES;
				BUNDLE_LOADER = "$(TEST_HOST)";
				CODE_SIGN_STYLE = Automatic;
				CURRENT_PROJECT_VERSION = 1;
				DEVELOPMENT_TEAM = 5TLY5PME9K;
				GENERATE_INFOPLIST_FILE = YES;
				IPHONEOS_DEPLOYMENT_TARGET = 16.2;
				MARKETING_VERSION = 1.0;
				PRODUCT_BUNDLE_IDENTIFIER = com.provab.TravgateAppTests;
				PRODUCT_NAME = "$(TARGET_NAME)";
				SWIFT_EMIT_LOC_STRINGS = NO;
				SWIFT_VERSION = 5.0;
				TARGETED_DEVICE_FAMILY = "1,2";
				TEST_HOST = "$(BUILT_PRODUCTS_DIR)/TravgateApp.app/$(BUNDLE_EXECUTABLE_FOLDER_PATH)/TravgateApp";
			};
			name = Debug;
		};
		6517143F2B43F839003D3723 /* Release */ = {
			isa = XCBuildConfiguration;
			baseConfigurationReference = 240F8178E18EDE58F85041CA /* Pods-TravgateAppTests.release.xcconfig */;
			buildSettings = {
				ALWAYS_EMBED_SWIFT_STANDARD_LIBRARIES = YES;
				BUNDLE_LOADER = "$(TEST_HOST)";
				CODE_SIGN_STYLE = Automatic;
				CURRENT_PROJECT_VERSION = 1;
				DEVELOPMENT_TEAM = 5TLY5PME9K;
				GENERATE_INFOPLIST_FILE = YES;
				IPHONEOS_DEPLOYMENT_TARGET = 16.2;
				MARKETING_VERSION = 1.0;
				PRODUCT_BUNDLE_IDENTIFIER = com.provab.TravgateAppTests;
				PRODUCT_NAME = "$(TARGET_NAME)";
				SWIFT_EMIT_LOC_STRINGS = NO;
				SWIFT_VERSION = 5.0;
				TARGETED_DEVICE_FAMILY = "1,2";
				TEST_HOST = "$(BUILT_PRODUCTS_DIR)/TravgateApp.app/$(BUNDLE_EXECUTABLE_FOLDER_PATH)/TravgateApp";
			};
			name = Release;
		};
		651714412B43F839003D3723 /* Debug */ = {
			isa = XCBuildConfiguration;
			baseConfigurationReference = BBDE2F58F72AA616EC567804 /* Pods-TravgateApp-TravgateAppUITests.debug.xcconfig */;
			buildSettings = {
				ALWAYS_EMBED_SWIFT_STANDARD_LIBRARIES = YES;
				CODE_SIGN_STYLE = Automatic;
				CURRENT_PROJECT_VERSION = 1;
				DEVELOPMENT_TEAM = 5TLY5PME9K;
				GENERATE_INFOPLIST_FILE = YES;
				MARKETING_VERSION = 1.0;
				PRODUCT_BUNDLE_IDENTIFIER = com.provab.TravgateAppUITests;
				PRODUCT_NAME = "$(TARGET_NAME)";
				SWIFT_EMIT_LOC_STRINGS = NO;
				SWIFT_VERSION = 5.0;
				TARGETED_DEVICE_FAMILY = "1,2";
				TEST_TARGET_NAME = TravgateApp;
			};
			name = Debug;
		};
		651714422B43F839003D3723 /* Release */ = {
			isa = XCBuildConfiguration;
			baseConfigurationReference = FFE627D4634869D92FB4547E /* Pods-TravgateApp-TravgateAppUITests.release.xcconfig */;
			buildSettings = {
				ALWAYS_EMBED_SWIFT_STANDARD_LIBRARIES = YES;
				CODE_SIGN_STYLE = Automatic;
				CURRENT_PROJECT_VERSION = 1;
				DEVELOPMENT_TEAM = 5TLY5PME9K;
				GENERATE_INFOPLIST_FILE = YES;
				MARKETING_VERSION = 1.0;
				PRODUCT_BUNDLE_IDENTIFIER = com.provab.TravgateAppUITests;
				PRODUCT_NAME = "$(TARGET_NAME)";
				SWIFT_EMIT_LOC_STRINGS = NO;
				SWIFT_VERSION = 5.0;
				TARGETED_DEVICE_FAMILY = "1,2";
				TEST_TARGET_NAME = TravgateApp;
			};
			name = Release;
		};
/* End XCBuildConfiguration section */

/* Begin XCConfigurationList section */
		6517140B2B43F837003D3723 /* Build configuration list for PBXProject "TravgateApp" */ = {
			isa = XCConfigurationList;
			buildConfigurations = (
				651714382B43F839003D3723 /* Debug */,
				651714392B43F839003D3723 /* Release */,
			);
			defaultConfigurationIsVisible = 0;
			defaultConfigurationName = Release;
		};
		6517143A2B43F839003D3723 /* Build configuration list for PBXNativeTarget "TravgateApp" */ = {
			isa = XCConfigurationList;
			buildConfigurations = (
				6517143B2B43F839003D3723 /* Debug */,
				6517143C2B43F839003D3723 /* Release */,
			);
			defaultConfigurationIsVisible = 0;
			defaultConfigurationName = Release;
		};
		6517143D2B43F839003D3723 /* Build configuration list for PBXNativeTarget "TravgateAppTests" */ = {
			isa = XCConfigurationList;
			buildConfigurations = (
				6517143E2B43F839003D3723 /* Debug */,
				6517143F2B43F839003D3723 /* Release */,
			);
			defaultConfigurationIsVisible = 0;
			defaultConfigurationName = Release;
		};
		651714402B43F839003D3723 /* Build configuration list for PBXNativeTarget "TravgateAppUITests" */ = {
			isa = XCConfigurationList;
			buildConfigurations = (
				651714412B43F839003D3723 /* Debug */,
				651714422B43F839003D3723 /* Release */,
			);
			defaultConfigurationIsVisible = 0;
			defaultConfigurationName = Release;
		};
/* End XCConfigurationList section */
	};
	rootObject = 651714082B43F837003D3723 /* Project object */;
}
